
Microsoft Visual Studio Solution File, Format Version 12.00
# Visual Studio Version 17
VisualStudioVersion = 17.7.34031.279
MinimumVisualStudioVersion = 10.0.40219.1
Project("{2150E333-8FDC-42A3-9474-1A3956D46DE8}") = "Plantillas", "Plantillas", "{02EA681E-C7D8-13C7-8484-4AC65E1B71E8}"
	ProjectSection(SolutionItems) = preProject
		..\plantillas\1.NumeroCasos.cpp = ..\plantillas\1.NumeroCasos.cpp
		..\plantillas\2.Centinela.cpp = ..\plantillas\2.Centinela.cpp
		..\plantillas\3.CasosIlimitados.cpp = ..\plantillas\3.CasosIlimitados.cpp
	EndProjectSection
EndProject
Project("{2150E333-8FDC-42A3-9474-1A3956D46DE8}") = "1", "1", "{D45FE2B9-6BDD-4556-8620-32AAFA6E8A72}"
EndProject
Project("{2150E333-8FDC-42A3-9474-1A3956D46DE8}") = "2", "2", "{DCA2F8FB-0A36-45B1-AD92-2CB2EDA07D46}"
EndProject
Project("{8BC9CEB8-8B4A-11D0-8D11-00A0C91BC942}") = "2-4", "2-4\2-4.vcxproj", "{6D61DCB9-8EBF-463A-B0F1-FE35A20A9958}"
EndProject
Project("{8BC9CEB8-8B4A-11D0-8D11-00A0C91BC942}") = "2-5", "2-5\2-5.vcxproj", "{2A8D2C6E-6D4B-463C-9492-1103B14E178B}"
EndProject
Project("{8BC9CEB8-8B4A-11D0-8D11-00A0C91BC942}") = "2-1", "2-1\2-1.vcxproj", "{988257FB-11D0-47ED-B078-224C5F775665}"
EndProject
Project("{8BC9CEB8-8B4A-11D0-8D11-00A0C91BC942}") = "2-2", "2-2\2-2.vcxproj", "{C6C65607-5FDF-45FF-B631-9B333C4B3E69}"
EndProject
Project("{8BC9CEB8-8B4A-11D0-8D11-00A0C91BC942}") = "2-3", "2-3\2-3.vcxproj", "{9FEB8A7C-253B-45C8-952C-63D28542F2A4}"
EndProject
Project("{8BC9CEB8-8B4A-11D0-8D11-00A0C91BC942}") = "1-1", "1-1\1-1.vcxproj", "{B285F9CD-3501-4AA5-AF58-56FFBCB706AE}"
EndProject
Project("{8BC9CEB8-8B4A-11D0-8D11-00A0C91BC942}") = "1-2", "1-2\1-2.vcxproj", "{5DE81BEC-6E36-49C4-B7E8-F1DBE3BD9739}"
EndProject
Project("{2150E333-8FDC-42A3-9474-1A3956D46DE8}") = "3", "3", "{D50032AE-DF06-4907-B13F-B754D91BC613}"
EndProject
Project("{8BC9CEB8-8B4A-11D0-8D11-00A0C91BC942}") = "3-1", "3-1\3-1.vcxproj", "{09EE3C2D-E67D-483D-B048-87895214B693}"
EndProject
Project("{8BC9CEB8-8B4A-11D0-8D11-00A0C91BC942}") = "3-2", "3-2\3-2.vcxproj", "{64365562-5B4B-449C-86C1-D92C7B9030B7}"
EndProject
Project("{8BC9CEB8-8B4A-11D0-8D11-00A0C91BC942}") = "2-L", "2-L\2-L.vcxproj", "{3ED35171-3023-4313-B69C-6CBBBC19A3D9}"
EndProject
Global
	GlobalSection(SolutionConfigurationPlatforms) = preSolution
		Debug|x64 = Debug|x64
		Debug|x86 = Debug|x86
		Release|x64 = Release|x64
		Release|x86 = Release|x86
	EndGlobalSection
	GlobalSection(ProjectConfigurationPlatforms) = postSolution
		{6D61DCB9-8EBF-463A-B0F1-FE35A20A9958}.Debug|x64.ActiveCfg = Debug|x64
		{6D61DCB9-8EBF-463A-B0F1-FE35A20A9958}.Debug|x64.Build.0 = Debug|x64
		{6D61DCB9-8EBF-463A-B0F1-FE35A20A9958}.Debug|x86.ActiveCfg = Debug|Win32
		{6D61DCB9-8EBF-463A-B0F1-FE35A20A9958}.Debug|x86.Build.0 = Debug|Win32
		{6D61DCB9-8EBF-463A-B0F1-FE35A20A9958}.Release|x64.ActiveCfg = Release|x64
		{6D61DCB9-8EBF-463A-B0F1-FE35A20A9958}.Release|x64.Build.0 = Release|x64
		{6D61DCB9-8EBF-463A-B0F1-FE35A20A9958}.Release|x86.ActiveCfg = Release|Win32
		{6D61DCB9-8EBF-463A-B0F1-FE35A20A9958}.Release|x86.Build.0 = Release|Win32
		{2A8D2C6E-6D4B-463C-9492-1103B14E178B}.Debug|x64.ActiveCfg = Debug|x64
		{2A8D2C6E-6D4B-463C-9492-1103B14E178B}.Debug|x64.Build.0 = Debug|x64
		{2A8D2C6E-6D4B-463C-9492-1103B14E178B}.Debug|x86.ActiveCfg = Debug|Win32
		{2A8D2C6E-6D4B-463C-9492-1103B14E178B}.Debug|x86.Build.0 = Debug|Win32
		{2A8D2C6E-6D4B-463C-9492-1103B14E178B}.Release|x64.ActiveCfg = Release|x64
		{2A8D2C6E-6D4B-463C-9492-1103B14E178B}.Release|x64.Build.0 = Release|x64
		{2A8D2C6E-6D4B-463C-9492-1103B14E178B}.Release|x86.ActiveCfg = Release|Win32
		{2A8D2C6E-6D4B-463C-9492-1103B14E178B}.Release|x86.Build.0 = Release|Win32
		{988257FB-11D0-47ED-B078-224C5F775665}.Debug|x64.ActiveCfg = Debug|x64
		{988257FB-11D0-47ED-B078-224C5F775665}.Debug|x64.Build.0 = Debug|x64
		{988257FB-11D0-47ED-B078-224C5F775665}.Debug|x86.ActiveCfg = Debug|Win32
		{988257FB-11D0-47ED-B078-224C5F775665}.Debug|x86.Build.0 = Debug|Win32
		{988257FB-11D0-47ED-B078-224C5F775665}.Release|x64.ActiveCfg = Release|x64
		{988257FB-11D0-47ED-B078-224C5F775665}.Release|x64.Build.0 = Release|x64
		{988257FB-11D0-47ED-B078-224C5F775665}.Release|x86.ActiveCfg = Release|Win32
		{988257FB-11D0-47ED-B078-224C5F775665}.Release|x86.Build.0 = Release|Win32
		{C6C65607-5FDF-45FF-B631-9B333C4B3E69}.Debug|x64.ActiveCfg = Debug|x64
		{C6C65607-5FDF-45FF-B631-9B333C4B3E69}.Debug|x64.Build.0 = Debug|x64
		{C6C65607-5FDF-45FF-B631-9B333C4B3E69}.Debug|x86.ActiveCfg = Debug|Win32
		{C6C65607-5FDF-45FF-B631-9B333C4B3E69}.Debug|x86.Build.0 = Debug|Win32
		{C6C65607-5FDF-45FF-B631-9B333C4B3E69}.Release|x64.ActiveCfg = Release|x64
		{C6C65607-5FDF-45FF-B631-9B333C4B3E69}.Release|x64.Build.0 = Release|x64
		{C6C65607-5FDF-45FF-B631-9B333C4B3E69}.Release|x86.ActiveCfg = Release|Win32
		{C6C65607-5FDF-45FF-B631-9B333C4B3E69}.Release|x86.Build.0 = Release|Win32
		{9FEB8A7C-253B-45C8-952C-63D28542F2A4}.Debug|x64.ActiveCfg = Debug|x64
		{9FEB8A7C-253B-45C8-952C-63D28542F2A4}.Debug|x64.Build.0 = Debug|x64
		{9FEB8A7C-253B-45C8-952C-63D28542F2A4}.Debug|x86.ActiveCfg = Debug|Win32
		{9FEB8A7C-253B-45C8-952C-63D28542F2A4}.Debug|x86.Build.0 = Debug|Win32
		{9FEB8A7C-253B-45C8-952C-63D28542F2A4}.Release|x64.ActiveCfg = Release|x64
		{9FEB8A7C-253B-45C8-952C-63D28542F2A4}.Release|x64.Build.0 = Release|x64
		{9FEB8A7C-253B-45C8-952C-63D28542F2A4}.Release|x86.ActiveCfg = Release|Win32
		{9FEB8A7C-253B-45C8-952C-63D28542F2A4}.Release|x86.Build.0 = Release|Win32
		{B285F9CD-3501-4AA5-AF58-56FFBCB706AE}.Debug|x64.ActiveCfg = Debug|x64
		{B285F9CD-3501-4AA5-AF58-56FFBCB706AE}.Debug|x64.Build.0 = Debug|x64
		{B285F9CD-3501-4AA5-AF58-56FFBCB706AE}.Debug|x86.ActiveCfg = Debug|Win32
		{B285F9CD-3501-4AA5-AF58-56FFBCB706AE}.Debug|x86.Build.0 = Debug|Win32
		{B285F9CD-3501-4AA5-AF58-56FFBCB706AE}.Release|x64.ActiveCfg = Release|x64
		{B285F9CD-3501-4AA5-AF58-56FFBCB706AE}.Release|x64.Build.0 = Release|x64
		{B285F9CD-3501-4AA5-AF58-56FFBCB706AE}.Release|x86.ActiveCfg = Release|Win32
		{B285F9CD-3501-4AA5-AF58-56FFBCB706AE}.Release|x86.Build.0 = Release|Win32
		{5DE81BEC-6E36-49C4-B7E8-F1DBE3BD9739}.Debug|x64.ActiveCfg = Debug|x64
		{5DE81BEC-6E36-49C4-B7E8-F1DBE3BD9739}.Debug|x64.Build.0 = Debug|x64
		{5DE81BEC-6E36-49C4-B7E8-F1DBE3BD9739}.Debug|x86.ActiveCfg = Debug|Win32
		{5DE81BEC-6E36-49C4-B7E8-F1DBE3BD9739}.Debug|x86.Build.0 = Debug|Win32
		{5DE81BEC-6E36-49C4-B7E8-F1DBE3BD9739}.Release|x64.ActiveCfg = Release|x64
		{5DE81BEC-6E36-49C4-B7E8-F1DBE3BD9739}.Release|x64.Build.0 = Release|x64
		{5DE81BEC-6E36-49C4-B7E8-F1DBE3BD9739}.Release|x86.ActiveCfg = Release|Win32
		{5DE81BEC-6E36-49C4-B7E8-F1DBE3BD9739}.Release|x86.Build.0 = Release|Win32
		{09EE3C2D-E67D-483D-B048-87895214B693}.Debug|x64.ActiveCfg = Debug|x64
		{09EE3C2D-E67D-483D-B048-87895214B693}.Debug|x64.Build.0 = Debug|x64
		{09EE3C2D-E67D-483D-B048-87895214B693}.Debug|x86.ActiveCfg = Debug|Win32
		{09EE3C2D-E67D-483D-B048-87895214B693}.Debug|x86.Build.0 = Debug|Win32
		{09EE3C2D-E67D-483D-B048-87895214B693}.Release|x64.ActiveCfg = Release|x64
		{09EE3C2D-E67D-483D-B048-87895214B693}.Release|x64.Build.0 = Release|x64
		{09EE3C2D-E67D-483D-B048-87895214B693}.Release|x86.ActiveCfg = Release|Win32
		{09EE3C2D-E67D-483D-B048-87895214B693}.Release|x86.Build.0 = Release|Win32
		{64365562-5B4B-449C-86C1-D92C7B9030B7}.Debug|x64.ActiveCfg = Debug|x64
		{64365562-5B4B-449C-86C1-D92C7B9030B7}.Debug|x64.Build.0 = Debug|x64
		{64365562-5B4B-449C-86C1-D92C7B9030B7}.Debug|x86.ActiveCfg = Debug|Win32
		{64365562-5B4B-449C-86C1-D92C7B9030B7}.Debug|x86.Build.0 = Debug|Win32
		{64365562-5B4B-449C-86C1-D92C7B9030B7}.Release|x64.ActiveCfg = Release|x64
		{64365562-5B4B-449C-86C1-D92C7B9030B7}.Release|x64.Build.0 = Release|x64
		{64365562-5B4B-449C-86C1-D92C7B9030B7}.Release|x86.ActiveCfg = Release|Win32
		{64365562-5B4B-449C-86C1-D92C7B9030B7}.Release|x86.Build.0 = Release|Win32
		{3ED35171-3023-4313-B69C-6CBBBC19A3D9}.Debug|x64.ActiveCfg = Debug|x64
		{3ED35171-3023-4313-B69C-6CBBBC19A3D9}.Debug|x64.Build.0 = Debug|x64
		{3ED35171-3023-4313-B69C-6CBBBC19A3D9}.Debug|x86.ActiveCfg = Debug|Win32
		{3ED35171-3023-4313-B69C-6CBBBC19A3D9}.Debug|x86.Build.0 = Debug|Win32
		{3ED35171-3023-4313-B69C-6CBBBC19A3D9}.Release|x64.ActiveCfg = Release|x64
		{3ED35171-3023-4313-B69C-6CBBBC19A3D9}.Release|x64.Build.0 = Release|x64
		{3ED35171-3023-4313-B69C-6CBBBC19A3D9}.Release|x86.ActiveCfg = Release|Win32
		{3ED35171-3023-4313-B69C-6CBBBC19A3D9}.Release|x86.Build.0 = Release|Win32
	EndGlobalSection
	GlobalSection(SolutionProperties) = preSolution
		HideSolutionNode = FALSE
	EndGlobalSection
	GlobalSection(NestedProjects) = preSolution
		{6D61DCB9-8EBF-463A-B0F1-FE35A20A9958} = {DCA2F8FB-0A36-45B1-AD92-2CB2EDA07D46}
		{2A8D2C6E-6D4B-463C-9492-1103B14E178B} = {DCA2F8FB-0A36-45B1-AD92-2CB2EDA07D46}
		{988257FB-11D0-47ED-B078-224C5F775665} = {DCA2F8FB-0A36-45B1-AD92-2CB2EDA07D46}
		{C6C65607-5FDF-45FF-B631-9B333C4B3E69} = {DCA2F8FB-0A36-45B1-AD92-2CB2EDA07D46}
		{9FEB8A7C-253B-45C8-952C-63D28542F2A4} = {DCA2F8FB-0A36-45B1-AD92-2CB2EDA07D46}
		{B285F9CD-3501-4AA5-AF58-56FFBCB706AE} = {D45FE2B9-6BDD-4556-8620-32AAFA6E8A72}
		{5DE81BEC-6E36-49C4-B7E8-F1DBE3BD9739} = {D45FE2B9-6BDD-4556-8620-32AAFA6E8A72}
		{09EE3C2D-E67D-483D-B048-87895214B693} = {D50032AE-DF06-4907-B13F-B754D91BC613}
		{64365562-5B4B-449C-86C1-D92C7B9030B7} = {D50032AE-DF06-4907-B13F-B754D91BC613}
		{3ED35171-3023-4313-B69C-6CBBBC19A3D9} = {DCA2F8FB-0A36-45B1-AD92-2CB2EDA07D46}
	EndGlobalSection
	GlobalSection(ExtensibilityGlobals) = postSolution
		SolutionGuid = {8D988D71-AAD5-4617-8D57-F0034EB0523E}
	EndGlobalSection
EndGlobal
