
Microsoft Visual Studio Solution File, Format Version 12.00
# Visual Studio Version 18
VisualStudioVersion = 18.1.11304.174
MinimumVisualStudioVersion = 10.0.40219.1
Project("{2150E333-8FDC-42A3-9474-1A3956D46DE8}") = "Plantillas", "Plantillas", "{02EA681E-C7D8-13C7-8484-4AC65E1B71E8}"
	ProjectSection(SolutionItems) = preProject
		..\plantillas\1.NumeroCasos.cpp = ..\plantillas\1.NumeroCasos.cpp
		..\plantillas\2.Centinela.cpp = ..\plantillas\2.Centinela.cpp
		..\plantillas\3.CasosIlimitados.cpp = ..\plantillas\3.CasosIlimitados.cpp
	EndProjectSection
EndProject
Project("{2150E333-8FDC-42A3-9474-1A3956D46DE8}") = "1", "1", "{D45FE2B9-6BDD-4556-8620-32AAFA6E8A72}"
EndProject
Project("{2150E333-8FDC-42A3-9474-1A3956D46DE8}") = "2", "2", "{DCA2F8FB-0A36-45B1-AD92-2CB2EDA07D46}"
EndProject
Project("{8BC9CEB8-8B4A-11D0-8D11-00A0C91BC942}") = "2-4", "2-4\2-4.vcxproj", "{6D61DCB9-8EBF-463A-B0F1-FE35A20A9958}"
EndProject
Project("{8BC9CEB8-8B4A-11D0-8D11-00A0C91BC942}") = "2-5", "2-5\2-5.vcxproj", "{2A8D2C6E-6D4B-463C-9492-1103B14E178B}"
EndProject
Project("{8BC9CEB8-8B4A-11D0-8D11-00A0C91BC942}") = "2-1", "2-1\2-1.vcxproj", "{988257FB-11D0-47ED-B078-224C5F775665}"
EndProject
Project("{8BC9CEB8-8B4A-11D0-8D11-00A0C91BC942}") = "2-2", "2-2\2-2.vcxproj", "{C6C65607-5FDF-45FF-B631-9B333C4B3E69}"
EndProject
Project("{8BC9CEB8-8B4A-11D0-8D11-00A0C91BC942}") = "2-3", "2-3\2-3.vcxproj", "{9FEB8A7C-253B-45C8-952C-63D28542F2A4}"
EndProject
Project("{8BC9CEB8-8B4A-11D0-8D11-00A0C91BC942}") = "1-1", "1-1\1-1.vcxproj", "{B285F9CD-3501-4AA5-AF58-56FFBCB706AE}"
EndProject
Project("{8BC9CEB8-8B4A-11D0-8D11-00A0C91BC942}") = "1-2", "1-2\1-2.vcxproj", "{5DE81BEC-6E36-49C4-B7E8-F1DBE3BD9739}"
EndProject
Project("{2150E333-8FDC-42A3-9474-1A3956D46DE8}") = "3", "3", "{D50032AE-DF06-4907-B13F-B754D91BC613}"
EndProject
Project("{8BC9CEB8-8B4A-11D0-8D11-00A0C91BC942}") = "3-1", "3-1\3-1.vcxproj", "{09EE3C2D-E67D-483D-B048-87895214B693}"
EndProject
Project("{8BC9CEB8-8B4A-11D0-8D11-00A0C91BC942}") = "3-2", "3-2\3-2.vcxproj", "{64365562-5B4B-449C-86C1-D92C7B9030B7}"
EndProject
Project("{8BC9CEB8-8B4A-11D0-8D11-00A0C91BC942}") = "2-L", "2-L\2-L.vcxproj", "{3ED35171-3023-4313-B69C-6CBBBC19A3D9}"
EndProject
Project("{8BC9CEB8-8B4A-11D0-8D11-00A0C91BC942}") = "3-3", "3-3\3-3.vcxproj", "{07598955-CF37-46D2-8E49-FF458AB1548C}"
EndProject
Project("{8BC9CEB8-8B4A-11D0-8D11-00A0C91BC942}") = "3-4", "3-4\3-4.vcxproj", "{3C5B0BA3-19B0-4EB9-934D-1CADFF74B62A}"
EndProject
Project("{2150E333-8FDC-42A3-9474-1A3956D46DE8}") = "4", "4", "{6116AEF3-0384-496A-BA77-3C139F618377}"
EndProject
Project("{8BC9CEB8-8B4A-11D0-8D11-00A0C91BC942}") = "4-1", "4-1\4-1.vcxproj", "{7429AC2A-2E29-4D3D-953C-7D8ECCB7C69F}"
EndProject
Project("{8BC9CEB8-8B4A-11D0-8D11-00A0C91BC942}") = "4-2", "4-2\4-2.vcxproj", "{927D4283-605C-4B32-84A3-7DC9FFDC7C7A}"
EndProject
Project("{8BC9CEB8-8B4A-11D0-8D11-00A0C91BC942}") = "4-3", "4-3\4-3.vcxproj", "{0BE30201-6139-42F9-A57B-9B323C87BA15}"
EndProject
Project("{8BC9CEB8-8B4A-11D0-8D11-00A0C91BC942}") = "4-4", "4-4\4-4.vcxproj", "{8A29E655-D8A4-4139-BBE4-DFE9C4FEFBF9}"
EndProject
Project("{8BC9CEB8-8B4A-11D0-8D11-00A0C91BC942}") = "4-5", "4-5\4-5.vcxproj", "{7FF1B4A6-E501-4867-B8BB-AA99DA98E93F}"
EndProject
Project("{8BC9CEB8-8B4A-11D0-8D11-00A0C91BC942}") = "3-L", "3-L\3-L.vcxproj", "{96585325-B9ED-483E-8DC0-060FB3A5E58C}"
EndProject
Project("{8BC9CEB8-8B4A-11D0-8D11-00A0C91BC942}") = "4-6", "4-6\4-6.vcxproj", "{C568C97D-60FA-4094-8D39-DF207F7CD3B4}"
EndProject
Project("{8BC9CEB8-8B4A-11D0-8D11-00A0C91BC942}") = "4-7", "4-7\4-7.vcxproj", "{ACA8880A-CF52-4033-98D9-08F631E4A757}"
EndProject
Project("{2150E333-8FDC-42A3-9474-1A3956D46DE8}") = "5", "5", "{5970CB50-A164-44ED-AD9F-EE7497C0C993}"
EndProject
Project("{8BC9CEB8-8B4A-11D0-8D11-00A0C91BC942}") = "5-1", "5-1\5-1.vcxproj", "{0D02695B-993D-4F15-AFE3-324327452C46}"
EndProject
Project("{8BC9CEB8-8B4A-11D0-8D11-00A0C91BC942}") = "5-2", "5-2\5-2.vcxproj", "{0E328E2B-9CD5-43E6-A5C9-29BA62212B81}"
EndProject
Project("{8BC9CEB8-8B4A-11D0-8D11-00A0C91BC942}") = "5-3", "5-3\5-3.vcxproj", "{5C33135C-7ED9-4FF0-90A4-62D948225EFE}"
EndProject
Project("{8BC9CEB8-8B4A-11D0-8D11-00A0C91BC942}") = "5-4", "5-4\5-4.vcxproj", "{611B6104-3F2D-4F07-9ACF-359E9EC4E298}"
EndProject
Project("{8BC9CEB8-8B4A-11D0-8D11-00A0C91BC942}") = "5-5", "5-5\5-5.vcxproj", "{07081E29-D9BC-419D-A8D2-3DB873A2743C}"
EndProject
Project("{8BC9CEB8-8B4A-11D0-8D11-00A0C91BC942}") = "4-L", "4-L\4-L.vcxproj", "{337A05D3-D039-423C-B29B-A2981DF29036}"
EndProject
Project("{2150E333-8FDC-42A3-9474-1A3956D46DE8}") = "6", "6", "{0118EDC9-85C9-4C47-93DB-7189EE47C9B2}"
EndProject
Project("{2150E333-8FDC-42A3-9474-1A3956D46DE8}") = "7", "7", "{18E125B0-8B9F-4022-8197-60EEFEF6A851}"
EndProject
Project("{8BC9CEB8-8B4A-11D0-8D11-00A0C91BC942}") = "6-1", "6-1\6-1.vcxproj", "{E2C2DD0F-21E8-40DF-9034-37A37CAF65C8}"
EndProject
Project("{8BC9CEB8-8B4A-11D0-8D11-00A0C91BC942}") = "6-2", "6-2\6-2.vcxproj", "{535055CD-355B-43A8-A790-27072C9244DE}"
EndProject
Project("{8BC9CEB8-8B4A-11D0-8D11-00A0C91BC942}") = "6-3", "6-3\6-3.vcxproj", "{BBFA144E-19DD-40C3-8281-A0F1D8D31B5F}"
EndProject
Project("{8BC9CEB8-8B4A-11D0-8D11-00A0C91BC942}") = "6-4", "6-4\6-4.vcxproj", "{795E1FB4-81E6-48A3-8394-C2BF64B93C26}"
EndProject
Project("{8BC9CEB8-8B4A-11D0-8D11-00A0C91BC942}") = "6-L", "6-L\6-L.vcxproj", "{E4BB53D8-B417-40E2-997F-ED69867EC491}"
EndProject
Project("{8BC9CEB8-8B4A-11D0-8D11-00A0C91BC942}") = "7-1", "7-1\7-1.vcxproj", "{8E168727-4E83-4236-B0C9-A905412B1283}"
EndProject
Project("{8BC9CEB8-8B4A-11D0-8D11-00A0C91BC942}") = "7-2", "7-2\7-2.vcxproj", "{3E1FEF94-B4D6-4A1D-AB91-E1D09FE88FF2}"
EndProject
Project("{8BC9CEB8-8B4A-11D0-8D11-00A0C91BC942}") = "7-3", "7-3\7-3.vcxproj", "{A19A71FB-CB31-4C2C-AE30-7DD9CDB2AAFF}"
EndProject
Project("{8BC9CEB8-8B4A-11D0-8D11-00A0C91BC942}") = "5-L", "5-L\5-L.vcxproj", "{CEF43E9B-9588-48B1-9D52-4519AC756D39}"
EndProject
Project("{8BC9CEB8-8B4A-11D0-8D11-00A0C91BC942}") = "7-4", "7-4\7-4.vcxproj", "{ACCA51E0-62AE-4143-B257-9B3E94AAC805}"
EndProject
Project("{8BC9CEB8-8B4A-11D0-8D11-00A0C91BC942}") = "7-5", "7-5\7-5.vcxproj", "{36F8B954-C25B-4134-B44B-C19395FE289E}"
EndProject
Project("{2150E333-8FDC-42A3-9474-1A3956D46DE8}") = "8", "8", "{BC0D8E92-CCC7-4DC6-93EA-D202363E381F}"
EndProject
Project("{8BC9CEB8-8B4A-11D0-8D11-00A0C91BC942}") = "8-1", "8-1\8-1.vcxproj", "{2A9E388D-CD61-40D8-AD51-DEACCA6A5F1F}"
EndProject
Project("{8BC9CEB8-8B4A-11D0-8D11-00A0C91BC942}") = "8-2", "8-2\8-2.vcxproj", "{981CBB30-4B0D-4765-A05C-B61565107CD8}"
EndProject
Project("{8BC9CEB8-8B4A-11D0-8D11-00A0C91BC942}") = "8-3", "8-3\8-3.vcxproj", "{FE2C18A7-2103-4F0D-B85C-2FAB8CB415E9}"
EndProject
Project("{2150E333-8FDC-42A3-9474-1A3956D46DE8}") = "9", "9", "{7BCE7E00-59C4-4C7E-B0CB-E7C5F72860C7}"
EndProject
Project("{8BC9CEB8-8B4A-11D0-8D11-00A0C91BC942}") = "7-L", "7-L\7-L.vcxproj", "{F16ECFCF-BEAC-4BC7-B0B9-315EA42234A9}"
EndProject
Project("{8BC9CEB8-8B4A-11D0-8D11-00A0C91BC942}") = "8-4", "8-4\8-4.vcxproj", "{DFB9585B-5CF4-4BD8-89C1-C66CE4C98A9C}"
EndProject
Project("{8BC9CEB8-8B4A-11D0-8D11-00A0C91BC942}") = "8-L", "8-L\8-L.vcxproj", "{29C6D3F4-CB2F-4870-9D9E-81A0A02D7E73}"
EndProject
Project("{8BC9CEB8-8B4A-11D0-8D11-00A0C91BC942}") = "9-1", "9-1\9-1.vcxproj", "{8B8B9873-2606-41A3-B047-959C2AAA0FF5}"
EndProject
Project("{8BC9CEB8-8B4A-11D0-8D11-00A0C91BC942}") = "9-2", "9-2\9-2.vcxproj", "{F6D34803-9A88-43B5-9953-A9F537FFAE6B}"
EndProject
Project("{8BC9CEB8-8B4A-11D0-8D11-00A0C91BC942}") = "9-3", "9-3\9-3.vcxproj", "{875C2910-FAC1-4250-A2BF-E98D7536C5E8}"
EndProject
Project("{8BC9CEB8-8B4A-11D0-8D11-00A0C91BC942}") = "9-4", "9-4\9-4.vcxproj", "{D5D5DE06-99CD-4AE1-B75D-F55F46E85B68}"
EndProject
Project("{2150E333-8FDC-42A3-9474-1A3956D46DE8}") = "A", "A", "{39C26CB6-64E0-4DE0-A4A6-96878AC61283}"
EndProject
Project("{8BC9CEB8-8B4A-11D0-8D11-00A0C91BC942}") = "A-1", "A-1\A-1.vcxproj", "{6810B119-B6C1-43B3-90F2-9A97DD572D4F}"
EndProject
Project("{8BC9CEB8-8B4A-11D0-8D11-00A0C91BC942}") = "A-2", "A-2\A-2.vcxproj", "{26CF9E17-D204-40F3-AC43-A4039CBAF529}"
EndProject
Project("{2150E333-8FDC-42A3-9474-1A3956D46DE8}") = "B", "B", "{9B28C4D7-2C3A-4C28-85B9-CCD2A1C47208}"
EndProject
Project("{8BC9CEB8-8B4A-11D0-8D11-00A0C91BC942}") = "A-3", "A-3\A-3.vcxproj", "{C5B81C34-0782-46F4-8FFE-1E57EA18844B}"
EndProject
Project("{8BC9CEB8-8B4A-11D0-8D11-00A0C91BC942}") = "A-4", "A-4\A-4.vcxproj", "{D13257C3-2E1A-4BFB-BFC7-41CAB26E66BC}"
EndProject
Project("{8BC9CEB8-8B4A-11D0-8D11-00A0C91BC942}") = "B-1", "B-1\B-1.vcxproj", "{5CF469EE-8FF8-4CE3-947F-05B80A8BF75D}"
EndProject
Project("{8BC9CEB8-8B4A-11D0-8D11-00A0C91BC942}") = "B-2", "B-2\B-2.vcxproj", "{22303D17-FA8B-4518-BAE9-BC4117D8798A}"
EndProject
Project("{8BC9CEB8-8B4A-11D0-8D11-00A0C91BC942}") = "B-3", "B-3\B-3.vcxproj", "{76B935B1-6CA4-48A1-B331-D1AA3DD85452}"
EndProject
Project("{8BC9CEB8-8B4A-11D0-8D11-00A0C91BC942}") = "A-L", "A-L\A-L.vcxproj", "{81F691F3-F376-48A6-8B35-BC5C631BE7F9}"
EndProject
Project("{8BC9CEB8-8B4A-11D0-8D11-00A0C91BC942}") = "B-4", "B-4\B-4.vcxproj", "{F57728F7-301A-446C-B913-633A59A2FA06}"
EndProject
Project("{8BC9CEB8-8B4A-11D0-8D11-00A0C91BC942}") = "B-5", "B-5\B-5.vcxproj", "{284453D2-3970-413F-9E48-CF9C0A18C1D2}"
EndProject
Project("{8BC9CEB8-8B4A-11D0-8D11-00A0C91BC942}") = "B-L", "B-L\B-L.vcxproj", "{047BFB7D-3FFD-4A79-8372-E8A6D9BB4525}"
EndProject
Project("{2150E333-8FDC-42A3-9474-1A3956D46DE8}") = "C", "C", "{B53CCFE8-DE7F-4257-B769-FD772A5BE67F}"
EndProject
Project("{8BC9CEB8-8B4A-11D0-8D11-00A0C91BC942}") = "C-1", "C-1\C-1.vcxproj", "{19F6FDDC-7989-4ABC-BEAC-DBB4A46EC762}"
EndProject
Project("{8BC9CEB8-8B4A-11D0-8D11-00A0C91BC942}") = "C-2", "C-2\C-2.vcxproj", "{0D19BD27-4DA4-4EEC-87E6-D10F248771FF}"
EndProject
Project("{8BC9CEB8-8B4A-11D0-8D11-00A0C91BC942}") = "C-3", "C-3\C-3.vcxproj", "{EA9650B4-1A9F-46D4-AB5B-0E14F5228B9A}"
EndProject
Project("{8BC9CEB8-8B4A-11D0-8D11-00A0C91BC942}") = "C-4", "C-4\C-4.vcxproj", "{585978BB-742D-4FC5-9E0A-E010A18C34C6}"
EndProject
Project("{2150E333-8FDC-42A3-9474-1A3956D46DE8}") = "D", "D", "{7AAED697-1502-4B1C-8B36-DBAA59A4DEF2}"
EndProject
Project("{8BC9CEB8-8B4A-11D0-8D11-00A0C91BC942}") = "D-1", "D-1\D-1.vcxproj", "{659C7459-6722-48BC-914D-A02B14A30626}"
EndProject
Project("{8BC9CEB8-8B4A-11D0-8D11-00A0C91BC942}") = "D-2", "D-2\D-2.vcxproj", "{07916012-A43F-47CD-9BE0-156DD816AD4D}"
EndProject
Project("{8BC9CEB8-8B4A-11D0-8D11-00A0C91BC942}") = "D-3", "D-3\D-3.vcxproj", "{253795C0-83B2-4156-B1A3-C1EA7002DFDC}"
EndProject
Project("{2150E333-8FDC-42A3-9474-1A3956D46DE8}") = "R", "R", "{AA0A2333-2524-4B45-A2C6-826FA76403AA}"
EndProject
Project("{8BC9CEB8-8B4A-11D0-8D11-00A0C91BC942}") = "R-01", "R-01\R-01.vcxproj", "{691B4DFE-0B62-46C8-8172-2C4DFD15BC55}"
EndProject
Project("{8BC9CEB8-8B4A-11D0-8D11-00A0C91BC942}") = "R-02", "R-02\R-02.vcxproj", "{123386A4-850C-4577-BF67-6C6E2CF0EEF7}"
EndProject
Project("{8BC9CEB8-8B4A-11D0-8D11-00A0C91BC942}") = "R-03", "R-03\R-03.vcxproj", "{CC63AF52-82C9-4AE0-AFA2-50B241F033BF}"
EndProject
Project("{8BC9CEB8-8B4A-11D0-8D11-00A0C91BC942}") = "R-04", "R-04\R-04.vcxproj", "{C81F9813-A680-4F0F-B521-F5C12248B5AA}"
EndProject
Project("{8BC9CEB8-8B4A-11D0-8D11-00A0C91BC942}") = "R-05", "R-05\R-05.vcxproj", "{223A730A-3F83-4CE2-8F8C-6A9092992C60}"
EndProject
Project("{8BC9CEB8-8B4A-11D0-8D11-00A0C91BC942}") = "R-06", "R-06\R-06.vcxproj", "{623CEC4C-84D8-49C3-9CA0-1BC7651D2BE5}"
EndProject
Project("{8BC9CEB8-8B4A-11D0-8D11-00A0C91BC942}") = "R-07", "R-07\R-07.vcxproj", "{82F4F83B-0C61-48C6-9A60-FD898F2BD3C8}"
EndProject
Project("{8BC9CEB8-8B4A-11D0-8D11-00A0C91BC942}") = "R-08", "R-08\R-08.vcxproj", "{364224D8-7A22-40D8-8314-7EFC8584287C}"
EndProject
Project("{8BC9CEB8-8B4A-11D0-8D11-00A0C91BC942}") = "R-09", "R-09\R-09.vcxproj", "{91984EBA-8C67-4F75-9BBA-12CC7AB7A2F7}"
EndProject
Project("{8BC9CEB8-8B4A-11D0-8D11-00A0C91BC942}") = "R-10", "R-10\R-10.vcxproj", "{95AFAECA-B414-4768-B173-E650F537A0AC}"
EndProject
Project("{8BC9CEB8-8B4A-11D0-8D11-00A0C91BC942}") = "R-11", "R-11\R-11.vcxproj", "{9095FABA-1F86-4272-8879-F3C3B8C48090}"
EndProject
Project("{8BC9CEB8-8B4A-11D0-8D11-00A0C91BC942}") = "R-12", "R-12\R-12.vcxproj", "{3B084551-C2B4-4E0E-A835-E0E2DD10ECB3}"
EndProject
Project("{8BC9CEB8-8B4A-11D0-8D11-00A0C91BC942}") = "R-13", "R-13\R-13.vcxproj", "{663D1022-231D-4F24-9273-BE878B65427B}"
EndProject
Project("{8BC9CEB8-8B4A-11D0-8D11-00A0C91BC942}") = "R-14", "R-14\R-14.vcxproj", "{19EEF96F-940E-413B-B78E-BD3601D69368}"
EndProject
Project("{8BC9CEB8-8B4A-11D0-8D11-00A0C91BC942}") = "R-15", "R-15\R-15.vcxproj", "{1A9D644E-CE62-4519-B126-859429C51705}"
EndProject
Project("{8BC9CEB8-8B4A-11D0-8D11-00A0C91BC942}") = "R-16", "R-16\R-16.vcxproj", "{D6370072-4448-4CED-8E7D-4A027BBB8234}"
EndProject
Project("{8BC9CEB8-8B4A-11D0-8D11-00A0C91BC942}") = "R-17", "R-17\R-17.vcxproj", "{9479369B-270B-479D-AC83-ECF7381CB2B2}"
EndProject
Project("{8BC9CEB8-8B4A-11D0-8D11-00A0C91BC942}") = "R-18", "R-18\R-18.vcxproj", "{4ACE7F78-A2D9-4888-A3A3-84D4EDC9D912}"
EndProject
Project("{8BC9CEB8-8B4A-11D0-8D11-00A0C91BC942}") = "R-19", "R-19\R-19.vcxproj", "{0D67CDBB-B6BF-4CA3-A3C3-ADAD7D56918F}"
EndProject
Global
	GlobalSection(SolutionConfigurationPlatforms) = preSolution
		Debug|x64 = Debug|x64
		Debug|x86 = Debug|x86
		Release|x64 = Release|x64
		Release|x86 = Release|x86
	EndGlobalSection
	GlobalSection(ProjectConfigurationPlatforms) = postSolution
		{6D61DCB9-8EBF-463A-B0F1-FE35A20A9958}.Debug|x64.ActiveCfg = Debug|x64
		{6D61DCB9-8EBF-463A-B0F1-FE35A20A9958}.Debug|x64.Build.0 = Debug|x64
		{6D61DCB9-8EBF-463A-B0F1-FE35A20A9958}.Debug|x86.ActiveCfg = Debug|Win32
		{6D61DCB9-8EBF-463A-B0F1-FE35A20A9958}.Debug|x86.Build.0 = Debug|Win32
		{6D61DCB9-8EBF-463A-B0F1-FE35A20A9958}.Release|x64.ActiveCfg = Release|x64
		{6D61DCB9-8EBF-463A-B0F1-FE35A20A9958}.Release|x64.Build.0 = Release|x64
		{6D61DCB9-8EBF-463A-B0F1-FE35A20A9958}.Release|x86.ActiveCfg = Release|Win32
		{6D61DCB9-8EBF-463A-B0F1-FE35A20A9958}.Release|x86.Build.0 = Release|Win32
		{2A8D2C6E-6D4B-463C-9492-1103B14E178B}.Debug|x64.ActiveCfg = Debug|x64
		{2A8D2C6E-6D4B-463C-9492-1103B14E178B}.Debug|x64.Build.0 = Debug|x64
		{2A8D2C6E-6D4B-463C-9492-1103B14E178B}.Debug|x86.ActiveCfg = Debug|Win32
		{2A8D2C6E-6D4B-463C-9492-1103B14E178B}.Debug|x86.Build.0 = Debug|Win32
		{2A8D2C6E-6D4B-463C-9492-1103B14E178B}.Release|x64.ActiveCfg = Release|x64
		{2A8D2C6E-6D4B-463C-9492-1103B14E178B}.Release|x64.Build.0 = Release|x64
		{2A8D2C6E-6D4B-463C-9492-1103B14E178B}.Release|x86.ActiveCfg = Release|Win32
		{2A8D2C6E-6D4B-463C-9492-1103B14E178B}.Release|x86.Build.0 = Release|Win32
		{988257FB-11D0-47ED-B078-224C5F775665}.Debug|x64.ActiveCfg = Debug|x64
		{988257FB-11D0-47ED-B078-224C5F775665}.Debug|x64.Build.0 = Debug|x64
		{988257FB-11D0-47ED-B078-224C5F775665}.Debug|x86.ActiveCfg = Debug|Win32
		{988257FB-11D0-47ED-B078-224C5F775665}.Debug|x86.Build.0 = Debug|Win32
		{988257FB-11D0-47ED-B078-224C5F775665}.Release|x64.ActiveCfg = Release|x64
		{988257FB-11D0-47ED-B078-224C5F775665}.Release|x64.Build.0 = Release|x64
		{988257FB-11D0-47ED-B078-224C5F775665}.Release|x86.ActiveCfg = Release|Win32
		{988257FB-11D0-47ED-B078-224C5F775665}.Release|x86.Build.0 = Release|Win32
		{C6C65607-5FDF-45FF-B631-9B333C4B3E69}.Debug|x64.ActiveCfg = Debug|x64
		{C6C65607-5FDF-45FF-B631-9B333C4B3E69}.Debug|x64.Build.0 = Debug|x64
		{C6C65607-5FDF-45FF-B631-9B333C4B3E69}.Debug|x86.ActiveCfg = Debug|Win32
		{C6C65607-5FDF-45FF-B631-9B333C4B3E69}.Debug|x86.Build.0 = Debug|Win32
		{C6C65607-5FDF-45FF-B631-9B333C4B3E69}.Release|x64.ActiveCfg = Release|x64
		{C6C65607-5FDF-45FF-B631-9B333C4B3E69}.Release|x64.Build.0 = Release|x64
		{C6C65607-5FDF-45FF-B631-9B333C4B3E69}.Release|x86.ActiveCfg = Release|Win32
		{C6C65607-5FDF-45FF-B631-9B333C4B3E69}.Release|x86.Build.0 = Release|Win32
		{9FEB8A7C-253B-45C8-952C-63D28542F2A4}.Debug|x64.ActiveCfg = Debug|x64
		{9FEB8A7C-253B-45C8-952C-63D28542F2A4}.Debug|x64.Build.0 = Debug|x64
		{9FEB8A7C-253B-45C8-952C-63D28542F2A4}.Debug|x86.ActiveCfg = Debug|Win32
		{9FEB8A7C-253B-45C8-952C-63D28542F2A4}.Debug|x86.Build.0 = Debug|Win32
		{9FEB8A7C-253B-45C8-952C-63D28542F2A4}.Release|x64.ActiveCfg = Release|x64
		{9FEB8A7C-253B-45C8-952C-63D28542F2A4}.Release|x64.Build.0 = Release|x64
		{9FEB8A7C-253B-45C8-952C-63D28542F2A4}.Release|x86.ActiveCfg = Release|Win32
		{9FEB8A7C-253B-45C8-952C-63D28542F2A4}.Release|x86.Build.0 = Release|Win32
		{B285F9CD-3501-4AA5-AF58-56FFBCB706AE}.Debug|x64.ActiveCfg = Debug|x64
		{B285F9CD-3501-4AA5-AF58-56FFBCB706AE}.Debug|x64.Build.0 = Debug|x64
		{B285F9CD-3501-4AA5-AF58-56FFBCB706AE}.Debug|x86.ActiveCfg = Debug|Win32
		{B285F9CD-3501-4AA5-AF58-56FFBCB706AE}.Debug|x86.Build.0 = Debug|Win32
		{B285F9CD-3501-4AA5-AF58-56FFBCB706AE}.Release|x64.ActiveCfg = Release|x64
		{B285F9CD-3501-4AA5-AF58-56FFBCB706AE}.Release|x64.Build.0 = Release|x64
		{B285F9CD-3501-4AA5-AF58-56FFBCB706AE}.Release|x86.ActiveCfg = Release|Win32
		{B285F9CD-3501-4AA5-AF58-56FFBCB706AE}.Release|x86.Build.0 = Release|Win32
		{5DE81BEC-6E36-49C4-B7E8-F1DBE3BD9739}.Debug|x64.ActiveCfg = Debug|x64
		{5DE81BEC-6E36-49C4-B7E8-F1DBE3BD9739}.Debug|x64.Build.0 = Debug|x64
		{5DE81BEC-6E36-49C4-B7E8-F1DBE3BD9739}.Debug|x86.ActiveCfg = Debug|Win32
		{5DE81BEC-6E36-49C4-B7E8-F1DBE3BD9739}.Debug|x86.Build.0 = Debug|Win32
		{5DE81BEC-6E36-49C4-B7E8-F1DBE3BD9739}.Release|x64.ActiveCfg = Release|x64
		{5DE81BEC-6E36-49C4-B7E8-F1DBE3BD9739}.Release|x64.Build.0 = Release|x64
		{5DE81BEC-6E36-49C4-B7E8-F1DBE3BD9739}.Release|x86.ActiveCfg = Release|Win32
		{5DE81BEC-6E36-49C4-B7E8-F1DBE3BD9739}.Release|x86.Build.0 = Release|Win32
		{09EE3C2D-E67D-483D-B048-87895214B693}.Debug|x64.ActiveCfg = Debug|x64
		{09EE3C2D-E67D-483D-B048-87895214B693}.Debug|x64.Build.0 = Debug|x64
		{09EE3C2D-E67D-483D-B048-87895214B693}.Debug|x86.ActiveCfg = Debug|Win32
		{09EE3C2D-E67D-483D-B048-87895214B693}.Debug|x86.Build.0 = Debug|Win32
		{09EE3C2D-E67D-483D-B048-87895214B693}.Release|x64.ActiveCfg = Release|x64
		{09EE3C2D-E67D-483D-B048-87895214B693}.Release|x64.Build.0 = Release|x64
		{09EE3C2D-E67D-483D-B048-87895214B693}.Release|x86.ActiveCfg = Release|Win32
		{09EE3C2D-E67D-483D-B048-87895214B693}.Release|x86.Build.0 = Release|Win32
		{64365562-5B4B-449C-86C1-D92C7B9030B7}.Debug|x64.ActiveCfg = Debug|x64
		{64365562-5B4B-449C-86C1-D92C7B9030B7}.Debug|x64.Build.0 = Debug|x64
		{64365562-5B4B-449C-86C1-D92C7B9030B7}.Debug|x86.ActiveCfg = Debug|Win32
		{64365562-5B4B-449C-86C1-D92C7B9030B7}.Debug|x86.Build.0 = Debug|Win32
		{64365562-5B4B-449C-86C1-D92C7B9030B7}.Release|x64.ActiveCfg = Release|x64
		{64365562-5B4B-449C-86C1-D92C7B9030B7}.Release|x64.Build.0 = Release|x64
		{64365562-5B4B-449C-86C1-D92C7B9030B7}.Release|x86.ActiveCfg = Release|Win32
		{64365562-5B4B-449C-86C1-D92C7B9030B7}.Release|x86.Build.0 = Release|Win32
		{3ED35171-3023-4313-B69C-6CBBBC19A3D9}.Debug|x64.ActiveCfg = Debug|x64
		{3ED35171-3023-4313-B69C-6CBBBC19A3D9}.Debug|x64.Build.0 = Debug|x64
		{3ED35171-3023-4313-B69C-6CBBBC19A3D9}.Debug|x86.ActiveCfg = Debug|Win32
		{3ED35171-3023-4313-B69C-6CBBBC19A3D9}.Debug|x86.Build.0 = Debug|Win32
		{3ED35171-3023-4313-B69C-6CBBBC19A3D9}.Release|x64.ActiveCfg = Release|x64
		{3ED35171-3023-4313-B69C-6CBBBC19A3D9}.Release|x64.Build.0 = Release|x64
		{3ED35171-3023-4313-B69C-6CBBBC19A3D9}.Release|x86.ActiveCfg = Release|Win32
		{3ED35171-3023-4313-B69C-6CBBBC19A3D9}.Release|x86.Build.0 = Release|Win32
		{07598955-CF37-46D2-8E49-FF458AB1548C}.Debug|x64.ActiveCfg = Debug|x64
		{07598955-CF37-46D2-8E49-FF458AB1548C}.Debug|x64.Build.0 = Debug|x64
		{07598955-CF37-46D2-8E49-FF458AB1548C}.Debug|x86.ActiveCfg = Debug|Win32
		{07598955-CF37-46D2-8E49-FF458AB1548C}.Debug|x86.Build.0 = Debug|Win32
		{07598955-CF37-46D2-8E49-FF458AB1548C}.Release|x64.ActiveCfg = Release|x64
		{07598955-CF37-46D2-8E49-FF458AB1548C}.Release|x64.Build.0 = Release|x64
		{07598955-CF37-46D2-8E49-FF458AB1548C}.Release|x86.ActiveCfg = Release|Win32
		{07598955-CF37-46D2-8E49-FF458AB1548C}.Release|x86.Build.0 = Release|Win32
		{3C5B0BA3-19B0-4EB9-934D-1CADFF74B62A}.Debug|x64.ActiveCfg = Debug|x64
		{3C5B0BA3-19B0-4EB9-934D-1CADFF74B62A}.Debug|x64.Build.0 = Debug|x64
		{3C5B0BA3-19B0-4EB9-934D-1CADFF74B62A}.Debug|x86.ActiveCfg = Debug|Win32
		{3C5B0BA3-19B0-4EB9-934D-1CADFF74B62A}.Debug|x86.Build.0 = Debug|Win32
		{3C5B0BA3-19B0-4EB9-934D-1CADFF74B62A}.Release|x64.ActiveCfg = Release|x64
		{3C5B0BA3-19B0-4EB9-934D-1CADFF74B62A}.Release|x64.Build.0 = Release|x64
		{3C5B0BA3-19B0-4EB9-934D-1CADFF74B62A}.Release|x86.ActiveCfg = Release|Win32
		{3C5B0BA3-19B0-4EB9-934D-1CADFF74B62A}.Release|x86.Build.0 = Release|Win32
		{7429AC2A-2E29-4D3D-953C-7D8ECCB7C69F}.Debug|x64.ActiveCfg = Debug|x64
		{7429AC2A-2E29-4D3D-953C-7D8ECCB7C69F}.Debug|x64.Build.0 = Debug|x64
		{7429AC2A-2E29-4D3D-953C-7D8ECCB7C69F}.Debug|x86.ActiveCfg = Debug|Win32
		{7429AC2A-2E29-4D3D-953C-7D8ECCB7C69F}.Debug|x86.Build.0 = Debug|Win32
		{7429AC2A-2E29-4D3D-953C-7D8ECCB7C69F}.Release|x64.ActiveCfg = Release|x64
		{7429AC2A-2E29-4D3D-953C-7D8ECCB7C69F}.Release|x64.Build.0 = Release|x64
		{7429AC2A-2E29-4D3D-953C-7D8ECCB7C69F}.Release|x86.ActiveCfg = Release|Win32
		{7429AC2A-2E29-4D3D-953C-7D8ECCB7C69F}.Release|x86.Build.0 = Release|Win32
		{927D4283-605C-4B32-84A3-7DC9FFDC7C7A}.Debug|x64.ActiveCfg = Debug|x64
		{927D4283-605C-4B32-84A3-7DC9FFDC7C7A}.Debug|x64.Build.0 = Debug|x64
		{927D4283-605C-4B32-84A3-7DC9FFDC7C7A}.Debug|x86.ActiveCfg = Debug|Win32
		{927D4283-605C-4B32-84A3-7DC9FFDC7C7A}.Debug|x86.Build.0 = Debug|Win32
		{927D4283-605C-4B32-84A3-7DC9FFDC7C7A}.Release|x64.ActiveCfg = Release|x64
		{927D4283-605C-4B32-84A3-7DC9FFDC7C7A}.Release|x64.Build.0 = Release|x64
		{927D4283-605C-4B32-84A3-7DC9FFDC7C7A}.Release|x86.ActiveCfg = Release|Win32
		{927D4283-605C-4B32-84A3-7DC9FFDC7C7A}.Release|x86.Build.0 = Release|Win32
		{0BE30201-6139-42F9-A57B-9B323C87BA15}.Debug|x64.ActiveCfg = Debug|x64
		{0BE30201-6139-42F9-A57B-9B323C87BA15}.Debug|x64.Build.0 = Debug|x64
		{0BE30201-6139-42F9-A57B-9B323C87BA15}.Debug|x86.ActiveCfg = Debug|Win32
		{0BE30201-6139-42F9-A57B-9B323C87BA15}.Debug|x86.Build.0 = Debug|Win32
		{0BE30201-6139-42F9-A57B-9B323C87BA15}.Release|x64.ActiveCfg = Release|x64
		{0BE30201-6139-42F9-A57B-9B323C87BA15}.Release|x64.Build.0 = Release|x64
		{0BE30201-6139-42F9-A57B-9B323C87BA15}.Release|x86.ActiveCfg = Release|Win32
		{0BE30201-6139-42F9-A57B-9B323C87BA15}.Release|x86.Build.0 = Release|Win32
		{8A29E655-D8A4-4139-BBE4-DFE9C4FEFBF9}.Debug|x64.ActiveCfg = Debug|x64
		{8A29E655-D8A4-4139-BBE4-DFE9C4FEFBF9}.Debug|x64.Build.0 = Debug|x64
		{8A29E655-D8A4-4139-BBE4-DFE9C4FEFBF9}.Debug|x86.ActiveCfg = Debug|Win32
		{8A29E655-D8A4-4139-BBE4-DFE9C4FEFBF9}.Debug|x86.Build.0 = Debug|Win32
		{8A29E655-D8A4-4139-BBE4-DFE9C4FEFBF9}.Release|x64.ActiveCfg = Release|x64
		{8A29E655-D8A4-4139-BBE4-DFE9C4FEFBF9}.Release|x64.Build.0 = Release|x64
		{8A29E655-D8A4-4139-BBE4-DFE9C4FEFBF9}.Release|x86.ActiveCfg = Release|Win32
		{8A29E655-D8A4-4139-BBE4-DFE9C4FEFBF9}.Release|x86.Build.0 = Release|Win32
		{7FF1B4A6-E501-4867-B8BB-AA99DA98E93F}.Debug|x64.ActiveCfg = Debug|x64
		{7FF1B4A6-E501-4867-B8BB-AA99DA98E93F}.Debug|x64.Build.0 = Debug|x64
		{7FF1B4A6-E501-4867-B8BB-AA99DA98E93F}.Debug|x86.ActiveCfg = Debug|Win32
		{7FF1B4A6-E501-4867-B8BB-AA99DA98E93F}.Debug|x86.Build.0 = Debug|Win32
		{7FF1B4A6-E501-4867-B8BB-AA99DA98E93F}.Release|x64.ActiveCfg = Release|x64
		{7FF1B4A6-E501-4867-B8BB-AA99DA98E93F}.Release|x64.Build.0 = Release|x64
		{7FF1B4A6-E501-4867-B8BB-AA99DA98E93F}.Release|x86.ActiveCfg = Release|Win32
		{7FF1B4A6-E501-4867-B8BB-AA99DA98E93F}.Release|x86.Build.0 = Release|Win32
		{96585325-B9ED-483E-8DC0-060FB3A5E58C}.Debug|x64.ActiveCfg = Debug|x64
		{96585325-B9ED-483E-8DC0-060FB3A5E58C}.Debug|x64.Build.0 = Debug|x64
		{96585325-B9ED-483E-8DC0-060FB3A5E58C}.Debug|x86.ActiveCfg = Debug|Win32
		{96585325-B9ED-483E-8DC0-060FB3A5E58C}.Debug|x86.Build.0 = Debug|Win32
		{96585325-B9ED-483E-8DC0-060FB3A5E58C}.Release|x64.ActiveCfg = Release|x64
		{96585325-B9ED-483E-8DC0-060FB3A5E58C}.Release|x64.Build.0 = Release|x64
		{96585325-B9ED-483E-8DC0-060FB3A5E58C}.Release|x86.ActiveCfg = Release|Win32
		{96585325-B9ED-483E-8DC0-060FB3A5E58C}.Release|x86.Build.0 = Release|Win32
		{C568C97D-60FA-4094-8D39-DF207F7CD3B4}.Debug|x64.ActiveCfg = Debug|x64
		{C568C97D-60FA-4094-8D39-DF207F7CD3B4}.Debug|x64.Build.0 = Debug|x64
		{C568C97D-60FA-4094-8D39-DF207F7CD3B4}.Debug|x86.ActiveCfg = Debug|Win32
		{C568C97D-60FA-4094-8D39-DF207F7CD3B4}.Debug|x86.Build.0 = Debug|Win32
		{C568C97D-60FA-4094-8D39-DF207F7CD3B4}.Release|x64.ActiveCfg = Release|x64
		{C568C97D-60FA-4094-8D39-DF207F7CD3B4}.Release|x64.Build.0 = Release|x64
		{C568C97D-60FA-4094-8D39-DF207F7CD3B4}.Release|x86.ActiveCfg = Release|Win32
		{C568C97D-60FA-4094-8D39-DF207F7CD3B4}.Release|x86.Build.0 = Release|Win32
		{ACA8880A-CF52-4033-98D9-08F631E4A757}.Debug|x64.ActiveCfg = Debug|x64
		{ACA8880A-CF52-4033-98D9-08F631E4A757}.Debug|x64.Build.0 = Debug|x64
		{ACA8880A-CF52-4033-98D9-08F631E4A757}.Debug|x86.ActiveCfg = Debug|Win32
		{ACA8880A-CF52-4033-98D9-08F631E4A757}.Debug|x86.Build.0 = Debug|Win32
		{ACA8880A-CF52-4033-98D9-08F631E4A757}.Release|x64.ActiveCfg = Release|x64
		{ACA8880A-CF52-4033-98D9-08F631E4A757}.Release|x64.Build.0 = Release|x64
		{ACA8880A-CF52-4033-98D9-08F631E4A757}.Release|x86.ActiveCfg = Release|Win32
		{ACA8880A-CF52-4033-98D9-08F631E4A757}.Release|x86.Build.0 = Release|Win32
		{0D02695B-993D-4F15-AFE3-324327452C46}.Debug|x64.ActiveCfg = Debug|x64
		{0D02695B-993D-4F15-AFE3-324327452C46}.Debug|x64.Build.0 = Debug|x64
		{0D02695B-993D-4F15-AFE3-324327452C46}.Debug|x86.ActiveCfg = Debug|Win32
		{0D02695B-993D-4F15-AFE3-324327452C46}.Debug|x86.Build.0 = Debug|Win32
		{0D02695B-993D-4F15-AFE3-324327452C46}.Release|x64.ActiveCfg = Release|x64
		{0D02695B-993D-4F15-AFE3-324327452C46}.Release|x64.Build.0 = Release|x64
		{0D02695B-993D-4F15-AFE3-324327452C46}.Release|x86.ActiveCfg = Release|Win32
		{0D02695B-993D-4F15-AFE3-324327452C46}.Release|x86.Build.0 = Release|Win32
		{0E328E2B-9CD5-43E6-A5C9-29BA62212B81}.Debug|x64.ActiveCfg = Debug|x64
		{0E328E2B-9CD5-43E6-A5C9-29BA62212B81}.Debug|x64.Build.0 = Debug|x64
		{0E328E2B-9CD5-43E6-A5C9-29BA62212B81}.Debug|x86.ActiveCfg = Debug|Win32
		{0E328E2B-9CD5-43E6-A5C9-29BA62212B81}.Debug|x86.Build.0 = Debug|Win32
		{0E328E2B-9CD5-43E6-A5C9-29BA62212B81}.Release|x64.ActiveCfg = Release|x64
		{0E328E2B-9CD5-43E6-A5C9-29BA62212B81}.Release|x64.Build.0 = Release|x64
		{0E328E2B-9CD5-43E6-A5C9-29BA62212B81}.Release|x86.ActiveCfg = Release|Win32
		{0E328E2B-9CD5-43E6-A5C9-29BA62212B81}.Release|x86.Build.0 = Release|Win32
		{5C33135C-7ED9-4FF0-90A4-62D948225EFE}.Debug|x64.ActiveCfg = Debug|x64
		{5C33135C-7ED9-4FF0-90A4-62D948225EFE}.Debug|x64.Build.0 = Debug|x64
		{5C33135C-7ED9-4FF0-90A4-62D948225EFE}.Debug|x86.ActiveCfg = Debug|Win32
		{5C33135C-7ED9-4FF0-90A4-62D948225EFE}.Debug|x86.Build.0 = Debug|Win32
		{5C33135C-7ED9-4FF0-90A4-62D948225EFE}.Release|x64.ActiveCfg = Release|x64
		{5C33135C-7ED9-4FF0-90A4-62D948225EFE}.Release|x64.Build.0 = Release|x64
		{5C33135C-7ED9-4FF0-90A4-62D948225EFE}.Release|x86.ActiveCfg = Release|Win32
		{5C33135C-7ED9-4FF0-90A4-62D948225EFE}.Release|x86.Build.0 = Release|Win32
		{611B6104-3F2D-4F07-9ACF-359E9EC4E298}.Debug|x64.ActiveCfg = Debug|x64
		{611B6104-3F2D-4F07-9ACF-359E9EC4E298}.Debug|x64.Build.0 = Debug|x64
		{611B6104-3F2D-4F07-9ACF-359E9EC4E298}.Debug|x86.ActiveCfg = Debug|Win32
		{611B6104-3F2D-4F07-9ACF-359E9EC4E298}.Debug|x86.Build.0 = Debug|Win32
		{611B6104-3F2D-4F07-9ACF-359E9EC4E298}.Release|x64.ActiveCfg = Release|x64
		{611B6104-3F2D-4F07-9ACF-359E9EC4E298}.Release|x64.Build.0 = Release|x64
		{611B6104-3F2D-4F07-9ACF-359E9EC4E298}.Release|x86.ActiveCfg = Release|Win32
		{611B6104-3F2D-4F07-9ACF-359E9EC4E298}.Release|x86.Build.0 = Release|Win32
		{07081E29-D9BC-419D-A8D2-3DB873A2743C}.Debug|x64.ActiveCfg = Debug|x64
		{07081E29-D9BC-419D-A8D2-3DB873A2743C}.Debug|x64.Build.0 = Debug|x64
		{07081E29-D9BC-419D-A8D2-3DB873A2743C}.Debug|x86.ActiveCfg = Debug|Win32
		{07081E29-D9BC-419D-A8D2-3DB873A2743C}.Debug|x86.Build.0 = Debug|Win32
		{07081E29-D9BC-419D-A8D2-3DB873A2743C}.Release|x64.ActiveCfg = Release|x64
		{07081E29-D9BC-419D-A8D2-3DB873A2743C}.Release|x64.Build.0 = Release|x64
		{07081E29-D9BC-419D-A8D2-3DB873A2743C}.Release|x86.ActiveCfg = Release|Win32
		{07081E29-D9BC-419D-A8D2-3DB873A2743C}.Release|x86.Build.0 = Release|Win32
		{337A05D3-D039-423C-B29B-A2981DF29036}.Debug|x64.ActiveCfg = Debug|x64
		{337A05D3-D039-423C-B29B-A2981DF29036}.Debug|x64.Build.0 = Debug|x64
		{337A05D3-D039-423C-B29B-A2981DF29036}.Debug|x86.ActiveCfg = Debug|Win32
		{337A05D3-D039-423C-B29B-A2981DF29036}.Debug|x86.Build.0 = Debug|Win32
		{337A05D3-D039-423C-B29B-A2981DF29036}.Release|x64.ActiveCfg = Release|x64
		{337A05D3-D039-423C-B29B-A2981DF29036}.Release|x64.Build.0 = Release|x64
		{337A05D3-D039-423C-B29B-A2981DF29036}.Release|x86.ActiveCfg = Release|Win32
		{337A05D3-D039-423C-B29B-A2981DF29036}.Release|x86.Build.0 = Release|Win32
		{E2C2DD0F-21E8-40DF-9034-37A37CAF65C8}.Debug|x64.ActiveCfg = Debug|x64
		{E2C2DD0F-21E8-40DF-9034-37A37CAF65C8}.Debug|x64.Build.0 = Debug|x64
		{E2C2DD0F-21E8-40DF-9034-37A37CAF65C8}.Debug|x86.ActiveCfg = Debug|Win32
		{E2C2DD0F-21E8-40DF-9034-37A37CAF65C8}.Debug|x86.Build.0 = Debug|Win32
		{E2C2DD0F-21E8-40DF-9034-37A37CAF65C8}.Release|x64.ActiveCfg = Release|x64
		{E2C2DD0F-21E8-40DF-9034-37A37CAF65C8}.Release|x64.Build.0 = Release|x64
		{E2C2DD0F-21E8-40DF-9034-37A37CAF65C8}.Release|x86.ActiveCfg = Release|Win32
		{E2C2DD0F-21E8-40DF-9034-37A37CAF65C8}.Release|x86.Build.0 = Release|Win32
		{535055CD-355B-43A8-A790-27072C9244DE}.Debug|x64.ActiveCfg = Debug|x64
		{535055CD-355B-43A8-A790-27072C9244DE}.Debug|x64.Build.0 = Debug|x64
		{535055CD-355B-43A8-A790-27072C9244DE}.Debug|x86.ActiveCfg = Debug|Win32
		{535055CD-355B-43A8-A790-27072C9244DE}.Debug|x86.Build.0 = Debug|Win32
		{535055CD-355B-43A8-A790-27072C9244DE}.Release|x64.ActiveCfg = Release|x64
		{535055CD-355B-43A8-A790-27072C9244DE}.Release|x64.Build.0 = Release|x64
		{535055CD-355B-43A8-A790-27072C9244DE}.Release|x86.ActiveCfg = Release|Win32
		{535055CD-355B-43A8-A790-27072C9244DE}.Release|x86.Build.0 = Release|Win32
		{BBFA144E-19DD-40C3-8281-A0F1D8D31B5F}.Debug|x64.ActiveCfg = Debug|x64
		{BBFA144E-19DD-40C3-8281-A0F1D8D31B5F}.Debug|x64.Build.0 = Debug|x64
		{BBFA144E-19DD-40C3-8281-A0F1D8D31B5F}.Debug|x86.ActiveCfg = Debug|Win32
		{BBFA144E-19DD-40C3-8281-A0F1D8D31B5F}.Debug|x86.Build.0 = Debug|Win32
		{BBFA144E-19DD-40C3-8281-A0F1D8D31B5F}.Release|x64.ActiveCfg = Release|x64
		{BBFA144E-19DD-40C3-8281-A0F1D8D31B5F}.Release|x64.Build.0 = Release|x64
		{BBFA144E-19DD-40C3-8281-A0F1D8D31B5F}.Release|x86.ActiveCfg = Release|Win32
		{BBFA144E-19DD-40C3-8281-A0F1D8D31B5F}.Release|x86.Build.0 = Release|Win32
		{795E1FB4-81E6-48A3-8394-C2BF64B93C26}.Debug|x64.ActiveCfg = Debug|x64
		{795E1FB4-81E6-48A3-8394-C2BF64B93C26}.Debug|x64.Build.0 = Debug|x64
		{795E1FB4-81E6-48A3-8394-C2BF64B93C26}.Debug|x86.ActiveCfg = Debug|Win32
		{795E1FB4-81E6-48A3-8394-C2BF64B93C26}.Debug|x86.Build.0 = Debug|Win32
		{795E1FB4-81E6-48A3-8394-C2BF64B93C26}.Release|x64.ActiveCfg = Release|x64
		{795E1FB4-81E6-48A3-8394-C2BF64B93C26}.Release|x64.Build.0 = Release|x64
		{795E1FB4-81E6-48A3-8394-C2BF64B93C26}.Release|x86.ActiveCfg = Release|Win32
		{795E1FB4-81E6-48A3-8394-C2BF64B93C26}.Release|x86.Build.0 = Release|Win32
		{E4BB53D8-B417-40E2-997F-ED69867EC491}.Debug|x64.ActiveCfg = Debug|x64
		{E4BB53D8-B417-40E2-997F-ED69867EC491}.Debug|x64.Build.0 = Debug|x64
		{E4BB53D8-B417-40E2-997F-ED69867EC491}.Debug|x86.ActiveCfg = Debug|Win32
		{E4BB53D8-B417-40E2-997F-ED69867EC491}.Debug|x86.Build.0 = Debug|Win32
		{E4BB53D8-B417-40E2-997F-ED69867EC491}.Release|x64.ActiveCfg = Release|x64
		{E4BB53D8-B417-40E2-997F-ED69867EC491}.Release|x64.Build.0 = Release|x64
		{E4BB53D8-B417-40E2-997F-ED69867EC491}.Release|x86.ActiveCfg = Release|Win32
		{E4BB53D8-B417-40E2-997F-ED69867EC491}.Release|x86.Build.0 = Release|Win32
		{8E168727-4E83-4236-B0C9-A905412B1283}.Debug|x64.ActiveCfg = Debug|x64
		{8E168727-4E83-4236-B0C9-A905412B1283}.Debug|x64.Build.0 = Debug|x64
		{8E168727-4E83-4236-B0C9-A905412B1283}.Debug|x86.ActiveCfg = Debug|Win32
		{8E168727-4E83-4236-B0C9-A905412B1283}.Debug|x86.Build.0 = Debug|Win32
		{8E168727-4E83-4236-B0C9-A905412B1283}.Release|x64.ActiveCfg = Release|x64
		{8E168727-4E83-4236-B0C9-A905412B1283}.Release|x64.Build.0 = Release|x64
		{8E168727-4E83-4236-B0C9-A905412B1283}.Release|x86.ActiveCfg = Release|Win32
		{8E168727-4E83-4236-B0C9-A905412B1283}.Release|x86.Build.0 = Release|Win32
		{3E1FEF94-B4D6-4A1D-AB91-E1D09FE88FF2}.Debug|x64.ActiveCfg = Debug|x64
		{3E1FEF94-B4D6-4A1D-AB91-E1D09FE88FF2}.Debug|x64.Build.0 = Debug|x64
		{3E1FEF94-B4D6-4A1D-AB91-E1D09FE88FF2}.Debug|x86.ActiveCfg = Debug|Win32
		{3E1FEF94-B4D6-4A1D-AB91-E1D09FE88FF2}.Debug|x86.Build.0 = Debug|Win32
		{3E1FEF94-B4D6-4A1D-AB91-E1D09FE88FF2}.Release|x64.ActiveCfg = Release|x64
		{3E1FEF94-B4D6-4A1D-AB91-E1D09FE88FF2}.Release|x64.Build.0 = Release|x64
		{3E1FEF94-B4D6-4A1D-AB91-E1D09FE88FF2}.Release|x86.ActiveCfg = Release|Win32
		{3E1FEF94-B4D6-4A1D-AB91-E1D09FE88FF2}.Release|x86.Build.0 = Release|Win32
		{A19A71FB-CB31-4C2C-AE30-7DD9CDB2AAFF}.Debug|x64.ActiveCfg = Debug|x64
		{A19A71FB-CB31-4C2C-AE30-7DD9CDB2AAFF}.Debug|x64.Build.0 = Debug|x64
		{A19A71FB-CB31-4C2C-AE30-7DD9CDB2AAFF}.Debug|x86.ActiveCfg = Debug|Win32
		{A19A71FB-CB31-4C2C-AE30-7DD9CDB2AAFF}.Debug|x86.Build.0 = Debug|Win32
		{A19A71FB-CB31-4C2C-AE30-7DD9CDB2AAFF}.Release|x64.ActiveCfg = Release|x64
		{A19A71FB-CB31-4C2C-AE30-7DD9CDB2AAFF}.Release|x64.Build.0 = Release|x64
		{A19A71FB-CB31-4C2C-AE30-7DD9CDB2AAFF}.Release|x86.ActiveCfg = Release|Win32
		{A19A71FB-CB31-4C2C-AE30-7DD9CDB2AAFF}.Release|x86.Build.0 = Release|Win32
		{CEF43E9B-9588-48B1-9D52-4519AC756D39}.Debug|x64.ActiveCfg = Debug|x64
		{CEF43E9B-9588-48B1-9D52-4519AC756D39}.Debug|x64.Build.0 = Debug|x64
		{CEF43E9B-9588-48B1-9D52-4519AC756D39}.Debug|x86.ActiveCfg = Debug|Win32
		{CEF43E9B-9588-48B1-9D52-4519AC756D39}.Debug|x86.Build.0 = Debug|Win32
		{CEF43E9B-9588-48B1-9D52-4519AC756D39}.Release|x64.ActiveCfg = Release|x64
		{CEF43E9B-9588-48B1-9D52-4519AC756D39}.Release|x64.Build.0 = Release|x64
		{CEF43E9B-9588-48B1-9D52-4519AC756D39}.Release|x86.ActiveCfg = Release|Win32
		{CEF43E9B-9588-48B1-9D52-4519AC756D39}.Release|x86.Build.0 = Release|Win32
		{ACCA51E0-62AE-4143-B257-9B3E94AAC805}.Debug|x64.ActiveCfg = Debug|x64
		{ACCA51E0-62AE-4143-B257-9B3E94AAC805}.Debug|x64.Build.0 = Debug|x64
		{ACCA51E0-62AE-4143-B257-9B3E94AAC805}.Debug|x86.ActiveCfg = Debug|Win32
		{ACCA51E0-62AE-4143-B257-9B3E94AAC805}.Debug|x86.Build.0 = Debug|Win32
		{ACCA51E0-62AE-4143-B257-9B3E94AAC805}.Release|x64.ActiveCfg = Release|x64
		{ACCA51E0-62AE-4143-B257-9B3E94AAC805}.Release|x64.Build.0 = Release|x64
		{ACCA51E0-62AE-4143-B257-9B3E94AAC805}.Release|x86.ActiveCfg = Release|Win32
		{ACCA51E0-62AE-4143-B257-9B3E94AAC805}.Release|x86.Build.0 = Release|Win32
		{36F8B954-C25B-4134-B44B-C19395FE289E}.Debug|x64.ActiveCfg = Debug|x64
		{36F8B954-C25B-4134-B44B-C19395FE289E}.Debug|x64.Build.0 = Debug|x64
		{36F8B954-C25B-4134-B44B-C19395FE289E}.Debug|x86.ActiveCfg = Debug|Win32
		{36F8B954-C25B-4134-B44B-C19395FE289E}.Debug|x86.Build.0 = Debug|Win32
		{36F8B954-C25B-4134-B44B-C19395FE289E}.Release|x64.ActiveCfg = Release|x64
		{36F8B954-C25B-4134-B44B-C19395FE289E}.Release|x64.Build.0 = Release|x64
		{36F8B954-C25B-4134-B44B-C19395FE289E}.Release|x86.ActiveCfg = Release|Win32
		{36F8B954-C25B-4134-B44B-C19395FE289E}.Release|x86.Build.0 = Release|Win32
		{2A9E388D-CD61-40D8-AD51-DEACCA6A5F1F}.Debug|x64.ActiveCfg = Debug|x64
		{2A9E388D-CD61-40D8-AD51-DEACCA6A5F1F}.Debug|x64.Build.0 = Debug|x64
		{2A9E388D-CD61-40D8-AD51-DEACCA6A5F1F}.Debug|x86.ActiveCfg = Debug|Win32
		{2A9E388D-CD61-40D8-AD51-DEACCA6A5F1F}.Debug|x86.Build.0 = Debug|Win32
		{2A9E388D-CD61-40D8-AD51-DEACCA6A5F1F}.Release|x64.ActiveCfg = Release|x64
		{2A9E388D-CD61-40D8-AD51-DEACCA6A5F1F}.Release|x64.Build.0 = Release|x64
		{2A9E388D-CD61-40D8-AD51-DEACCA6A5F1F}.Release|x86.ActiveCfg = Release|Win32
		{2A9E388D-CD61-40D8-AD51-DEACCA6A5F1F}.Release|x86.Build.0 = Release|Win32
		{981CBB30-4B0D-4765-A05C-B61565107CD8}.Debug|x64.ActiveCfg = Debug|x64
		{981CBB30-4B0D-4765-A05C-B61565107CD8}.Debug|x64.Build.0 = Debug|x64
		{981CBB30-4B0D-4765-A05C-B61565107CD8}.Debug|x86.ActiveCfg = Debug|Win32
		{981CBB30-4B0D-4765-A05C-B61565107CD8}.Debug|x86.Build.0 = Debug|Win32
		{981CBB30-4B0D-4765-A05C-B61565107CD8}.Release|x64.ActiveCfg = Release|x64
		{981CBB30-4B0D-4765-A05C-B61565107CD8}.Release|x64.Build.0 = Release|x64
		{981CBB30-4B0D-4765-A05C-B61565107CD8}.Release|x86.ActiveCfg = Release|Win32
		{981CBB30-4B0D-4765-A05C-B61565107CD8}.Release|x86.Build.0 = Release|Win32
		{FE2C18A7-2103-4F0D-B85C-2FAB8CB415E9}.Debug|x64.ActiveCfg = Debug|x64
		{FE2C18A7-2103-4F0D-B85C-2FAB8CB415E9}.Debug|x64.Build.0 = Debug|x64
		{FE2C18A7-2103-4F0D-B85C-2FAB8CB415E9}.Debug|x86.ActiveCfg = Debug|Win32
		{FE2C18A7-2103-4F0D-B85C-2FAB8CB415E9}.Debug|x86.Build.0 = Debug|Win32
		{FE2C18A7-2103-4F0D-B85C-2FAB8CB415E9}.Release|x64.ActiveCfg = Release|x64
		{FE2C18A7-2103-4F0D-B85C-2FAB8CB415E9}.Release|x64.Build.0 = Release|x64
		{FE2C18A7-2103-4F0D-B85C-2FAB8CB415E9}.Release|x86.ActiveCfg = Release|Win32
		{FE2C18A7-2103-4F0D-B85C-2FAB8CB415E9}.Release|x86.Build.0 = Release|Win32
		{F16ECFCF-BEAC-4BC7-B0B9-315EA42234A9}.Debug|x64.ActiveCfg = Debug|x64
		{F16ECFCF-BEAC-4BC7-B0B9-315EA42234A9}.Debug|x64.Build.0 = Debug|x64
		{F16ECFCF-BEAC-4BC7-B0B9-315EA42234A9}.Debug|x86.ActiveCfg = Debug|Win32
		{F16ECFCF-BEAC-4BC7-B0B9-315EA42234A9}.Debug|x86.Build.0 = Debug|Win32
		{F16ECFCF-BEAC-4BC7-B0B9-315EA42234A9}.Release|x64.ActiveCfg = Release|x64
		{F16ECFCF-BEAC-4BC7-B0B9-315EA42234A9}.Release|x64.Build.0 = Release|x64
		{F16ECFCF-BEAC-4BC7-B0B9-315EA42234A9}.Release|x86.ActiveCfg = Release|Win32
		{F16ECFCF-BEAC-4BC7-B0B9-315EA42234A9}.Release|x86.Build.0 = Release|Win32
		{DFB9585B-5CF4-4BD8-89C1-C66CE4C98A9C}.Debug|x64.ActiveCfg = Debug|x64
		{DFB9585B-5CF4-4BD8-89C1-C66CE4C98A9C}.Debug|x64.Build.0 = Debug|x64
		{DFB9585B-5CF4-4BD8-89C1-C66CE4C98A9C}.Debug|x86.ActiveCfg = Debug|Win32
		{DFB9585B-5CF4-4BD8-89C1-C66CE4C98A9C}.Debug|x86.Build.0 = Debug|Win32
		{DFB9585B-5CF4-4BD8-89C1-C66CE4C98A9C}.Release|x64.ActiveCfg = Release|x64
		{DFB9585B-5CF4-4BD8-89C1-C66CE4C98A9C}.Release|x64.Build.0 = Release|x64
		{DFB9585B-5CF4-4BD8-89C1-C66CE4C98A9C}.Release|x86.ActiveCfg = Release|Win32
		{DFB9585B-5CF4-4BD8-89C1-C66CE4C98A9C}.Release|x86.Build.0 = Release|Win32
		{29C6D3F4-CB2F-4870-9D9E-81A0A02D7E73}.Debug|x64.ActiveCfg = Debug|x64
		{29C6D3F4-CB2F-4870-9D9E-81A0A02D7E73}.Debug|x64.Build.0 = Debug|x64
		{29C6D3F4-CB2F-4870-9D9E-81A0A02D7E73}.Debug|x86.ActiveCfg = Debug|Win32
		{29C6D3F4-CB2F-4870-9D9E-81A0A02D7E73}.Debug|x86.Build.0 = Debug|Win32
		{29C6D3F4-CB2F-4870-9D9E-81A0A02D7E73}.Release|x64.ActiveCfg = Release|x64
		{29C6D3F4-CB2F-4870-9D9E-81A0A02D7E73}.Release|x64.Build.0 = Release|x64
		{29C6D3F4-CB2F-4870-9D9E-81A0A02D7E73}.Release|x86.ActiveCfg = Release|Win32
		{29C6D3F4-CB2F-4870-9D9E-81A0A02D7E73}.Release|x86.Build.0 = Release|Win32
		{8B8B9873-2606-41A3-B047-959C2AAA0FF5}.Debug|x64.ActiveCfg = Debug|x64
		{8B8B9873-2606-41A3-B047-959C2AAA0FF5}.Debug|x64.Build.0 = Debug|x64
		{8B8B9873-2606-41A3-B047-959C2AAA0FF5}.Debug|x86.ActiveCfg = Debug|Win32
		{8B8B9873-2606-41A3-B047-959C2AAA0FF5}.Debug|x86.Build.0 = Debug|Win32
		{8B8B9873-2606-41A3-B047-959C2AAA0FF5}.Release|x64.ActiveCfg = Release|x64
		{8B8B9873-2606-41A3-B047-959C2AAA0FF5}.Release|x64.Build.0 = Release|x64
		{8B8B9873-2606-41A3-B047-959C2AAA0FF5}.Release|x86.ActiveCfg = Release|Win32
		{8B8B9873-2606-41A3-B047-959C2AAA0FF5}.Release|x86.Build.0 = Release|Win32
		{F6D34803-9A88-43B5-9953-A9F537FFAE6B}.Debug|x64.ActiveCfg = Debug|x64
		{F6D34803-9A88-43B5-9953-A9F537FFAE6B}.Debug|x64.Build.0 = Debug|x64
		{F6D34803-9A88-43B5-9953-A9F537FFAE6B}.Debug|x86.ActiveCfg = Debug|Win32
		{F6D34803-9A88-43B5-9953-A9F537FFAE6B}.Debug|x86.Build.0 = Debug|Win32
		{F6D34803-9A88-43B5-9953-A9F537FFAE6B}.Release|x64.ActiveCfg = Release|x64
		{F6D34803-9A88-43B5-9953-A9F537FFAE6B}.Release|x64.Build.0 = Release|x64
		{F6D34803-9A88-43B5-9953-A9F537FFAE6B}.Release|x86.ActiveCfg = Release|Win32
		{F6D34803-9A88-43B5-9953-A9F537FFAE6B}.Release|x86.Build.0 = Release|Win32
		{875C2910-FAC1-4250-A2BF-E98D7536C5E8}.Debug|x64.ActiveCfg = Debug|x64
		{875C2910-FAC1-4250-A2BF-E98D7536C5E8}.Debug|x64.Build.0 = Debug|x64
		{875C2910-FAC1-4250-A2BF-E98D7536C5E8}.Debug|x86.ActiveCfg = Debug|Win32
		{875C2910-FAC1-4250-A2BF-E98D7536C5E8}.Debug|x86.Build.0 = Debug|Win32
		{875C2910-FAC1-4250-A2BF-E98D7536C5E8}.Release|x64.ActiveCfg = Release|x64
		{875C2910-FAC1-4250-A2BF-E98D7536C5E8}.Release|x64.Build.0 = Release|x64
		{875C2910-FAC1-4250-A2BF-E98D7536C5E8}.Release|x86.ActiveCfg = Release|Win32
		{875C2910-FAC1-4250-A2BF-E98D7536C5E8}.Release|x86.Build.0 = Release|Win32
		{D5D5DE06-99CD-4AE1-B75D-F55F46E85B68}.Debug|x64.ActiveCfg = Debug|x64
		{D5D5DE06-99CD-4AE1-B75D-F55F46E85B68}.Debug|x64.Build.0 = Debug|x64
		{D5D5DE06-99CD-4AE1-B75D-F55F46E85B68}.Debug|x86.ActiveCfg = Debug|Win32
		{D5D5DE06-99CD-4AE1-B75D-F55F46E85B68}.Debug|x86.Build.0 = Debug|Win32
		{D5D5DE06-99CD-4AE1-B75D-F55F46E85B68}.Release|x64.ActiveCfg = Release|x64
		{D5D5DE06-99CD-4AE1-B75D-F55F46E85B68}.Release|x64.Build.0 = Release|x64
		{D5D5DE06-99CD-4AE1-B75D-F55F46E85B68}.Release|x86.ActiveCfg = Release|Win32
		{D5D5DE06-99CD-4AE1-B75D-F55F46E85B68}.Release|x86.Build.0 = Release|Win32
		{6810B119-B6C1-43B3-90F2-9A97DD572D4F}.Debug|x64.ActiveCfg = Debug|x64
		{6810B119-B6C1-43B3-90F2-9A97DD572D4F}.Debug|x64.Build.0 = Debug|x64
		{6810B119-B6C1-43B3-90F2-9A97DD572D4F}.Debug|x86.ActiveCfg = Debug|Win32
		{6810B119-B6C1-43B3-90F2-9A97DD572D4F}.Debug|x86.Build.0 = Debug|Win32
		{6810B119-B6C1-43B3-90F2-9A97DD572D4F}.Release|x64.ActiveCfg = Release|x64
		{6810B119-B6C1-43B3-90F2-9A97DD572D4F}.Release|x64.Build.0 = Release|x64
		{6810B119-B6C1-43B3-90F2-9A97DD572D4F}.Release|x86.ActiveCfg = Release|Win32
		{6810B119-B6C1-43B3-90F2-9A97DD572D4F}.Release|x86.Build.0 = Release|Win32
		{26CF9E17-D204-40F3-AC43-A4039CBAF529}.Debug|x64.ActiveCfg = Debug|x64
		{26CF9E17-D204-40F3-AC43-A4039CBAF529}.Debug|x64.Build.0 = Debug|x64
		{26CF9E17-D204-40F3-AC43-A4039CBAF529}.Debug|x86.ActiveCfg = Debug|Win32
		{26CF9E17-D204-40F3-AC43-A4039CBAF529}.Debug|x86.Build.0 = Debug|Win32
		{26CF9E17-D204-40F3-AC43-A4039CBAF529}.Release|x64.ActiveCfg = Release|x64
		{26CF9E17-D204-40F3-AC43-A4039CBAF529}.Release|x64.Build.0 = Release|x64
		{26CF9E17-D204-40F3-AC43-A4039CBAF529}.Release|x86.ActiveCfg = Release|Win32
		{26CF9E17-D204-40F3-AC43-A4039CBAF529}.Release|x86.Build.0 = Release|Win32
		{C5B81C34-0782-46F4-8FFE-1E57EA18844B}.Debug|x64.ActiveCfg = Debug|x64
		{C5B81C34-0782-46F4-8FFE-1E57EA18844B}.Debug|x64.Build.0 = Debug|x64
		{C5B81C34-0782-46F4-8FFE-1E57EA18844B}.Debug|x86.ActiveCfg = Debug|Win32
		{C5B81C34-0782-46F4-8FFE-1E57EA18844B}.Debug|x86.Build.0 = Debug|Win32
		{C5B81C34-0782-46F4-8FFE-1E57EA18844B}.Release|x64.ActiveCfg = Release|x64
		{C5B81C34-0782-46F4-8FFE-1E57EA18844B}.Release|x64.Build.0 = Release|x64
		{C5B81C34-0782-46F4-8FFE-1E57EA18844B}.Release|x86.ActiveCfg = Release|Win32
		{C5B81C34-0782-46F4-8FFE-1E57EA18844B}.Release|x86.Build.0 = Release|Win32
		{D13257C3-2E1A-4BFB-BFC7-41CAB26E66BC}.Debug|x64.ActiveCfg = Debug|x64
		{D13257C3-2E1A-4BFB-BFC7-41CAB26E66BC}.Debug|x64.Build.0 = Debug|x64
		{D13257C3-2E1A-4BFB-BFC7-41CAB26E66BC}.Debug|x86.ActiveCfg = Debug|Win32
		{D13257C3-2E1A-4BFB-BFC7-41CAB26E66BC}.Debug|x86.Build.0 = Debug|Win32
		{D13257C3-2E1A-4BFB-BFC7-41CAB26E66BC}.Release|x64.ActiveCfg = Release|x64
		{D13257C3-2E1A-4BFB-BFC7-41CAB26E66BC}.Release|x64.Build.0 = Release|x64
		{D13257C3-2E1A-4BFB-BFC7-41CAB26E66BC}.Release|x86.ActiveCfg = Release|Win32
		{D13257C3-2E1A-4BFB-BFC7-41CAB26E66BC}.Release|x86.Build.0 = Release|Win32
		{5CF469EE-8FF8-4CE3-947F-05B80A8BF75D}.Debug|x64.ActiveCfg = Debug|x64
		{5CF469EE-8FF8-4CE3-947F-05B80A8BF75D}.Debug|x64.Build.0 = Debug|x64
		{5CF469EE-8FF8-4CE3-947F-05B80A8BF75D}.Debug|x86.ActiveCfg = Debug|Win32
		{5CF469EE-8FF8-4CE3-947F-05B80A8BF75D}.Debug|x86.Build.0 = Debug|Win32
		{5CF469EE-8FF8-4CE3-947F-05B80A8BF75D}.Release|x64.ActiveCfg = Release|x64
		{5CF469EE-8FF8-4CE3-947F-05B80A8BF75D}.Release|x64.Build.0 = Release|x64
		{5CF469EE-8FF8-4CE3-947F-05B80A8BF75D}.Release|x86.ActiveCfg = Release|Win32
		{5CF469EE-8FF8-4CE3-947F-05B80A8BF75D}.Release|x86.Build.0 = Release|Win32
		{22303D17-FA8B-4518-BAE9-BC4117D8798A}.Debug|x64.ActiveCfg = Debug|x64
		{22303D17-FA8B-4518-BAE9-BC4117D8798A}.Debug|x64.Build.0 = Debug|x64
		{22303D17-FA8B-4518-BAE9-BC4117D8798A}.Debug|x86.ActiveCfg = Debug|Win32
		{22303D17-FA8B-4518-BAE9-BC4117D8798A}.Debug|x86.Build.0 = Debug|Win32
		{22303D17-FA8B-4518-BAE9-BC4117D8798A}.Release|x64.ActiveCfg = Release|x64
		{22303D17-FA8B-4518-BAE9-BC4117D8798A}.Release|x64.Build.0 = Release|x64
		{22303D17-FA8B-4518-BAE9-BC4117D8798A}.Release|x86.ActiveCfg = Release|Win32
		{22303D17-FA8B-4518-BAE9-BC4117D8798A}.Release|x86.Build.0 = Release|Win32
		{76B935B1-6CA4-48A1-B331-D1AA3DD85452}.Debug|x64.ActiveCfg = Debug|x64
		{76B935B1-6CA4-48A1-B331-D1AA3DD85452}.Debug|x64.Build.0 = Debug|x64
		{76B935B1-6CA4-48A1-B331-D1AA3DD85452}.Debug|x86.ActiveCfg = Debug|Win32
		{76B935B1-6CA4-48A1-B331-D1AA3DD85452}.Debug|x86.Build.0 = Debug|Win32
		{76B935B1-6CA4-48A1-B331-D1AA3DD85452}.Release|x64.ActiveCfg = Release|x64
		{76B935B1-6CA4-48A1-B331-D1AA3DD85452}.Release|x64.Build.0 = Release|x64
		{76B935B1-6CA4-48A1-B331-D1AA3DD85452}.Release|x86.ActiveCfg = Release|Win32
		{76B935B1-6CA4-48A1-B331-D1AA3DD85452}.Release|x86.Build.0 = Release|Win32
		{81F691F3-F376-48A6-8B35-BC5C631BE7F9}.Debug|x64.ActiveCfg = Debug|x64
		{81F691F3-F376-48A6-8B35-BC5C631BE7F9}.Debug|x64.Build.0 = Debug|x64
		{81F691F3-F376-48A6-8B35-BC5C631BE7F9}.Debug|x86.ActiveCfg = Debug|Win32
		{81F691F3-F376-48A6-8B35-BC5C631BE7F9}.Debug|x86.Build.0 = Debug|Win32
		{81F691F3-F376-48A6-8B35-BC5C631BE7F9}.Release|x64.ActiveCfg = Release|x64
		{81F691F3-F376-48A6-8B35-BC5C631BE7F9}.Release|x64.Build.0 = Release|x64
		{81F691F3-F376-48A6-8B35-BC5C631BE7F9}.Release|x86.ActiveCfg = Release|Win32
		{81F691F3-F376-48A6-8B35-BC5C631BE7F9}.Release|x86.Build.0 = Release|Win32
		{F57728F7-301A-446C-B913-633A59A2FA06}.Debug|x64.ActiveCfg = Debug|x64
		{F57728F7-301A-446C-B913-633A59A2FA06}.Debug|x64.Build.0 = Debug|x64
		{F57728F7-301A-446C-B913-633A59A2FA06}.Debug|x86.ActiveCfg = Debug|Win32
		{F57728F7-301A-446C-B913-633A59A2FA06}.Debug|x86.Build.0 = Debug|Win32
		{F57728F7-301A-446C-B913-633A59A2FA06}.Release|x64.ActiveCfg = Release|x64
		{F57728F7-301A-446C-B913-633A59A2FA06}.Release|x64.Build.0 = Release|x64
		{F57728F7-301A-446C-B913-633A59A2FA06}.Release|x86.ActiveCfg = Release|Win32
		{F57728F7-301A-446C-B913-633A59A2FA06}.Release|x86.Build.0 = Release|Win32
		{284453D2-3970-413F-9E48-CF9C0A18C1D2}.Debug|x64.ActiveCfg = Debug|x64
		{284453D2-3970-413F-9E48-CF9C0A18C1D2}.Debug|x64.Build.0 = Debug|x64
		{284453D2-3970-413F-9E48-CF9C0A18C1D2}.Debug|x86.ActiveCfg = Debug|Win32
		{284453D2-3970-413F-9E48-CF9C0A18C1D2}.Debug|x86.Build.0 = Debug|Win32
		{284453D2-3970-413F-9E48-CF9C0A18C1D2}.Release|x64.ActiveCfg = Release|x64
		{284453D2-3970-413F-9E48-CF9C0A18C1D2}.Release|x64.Build.0 = Release|x64
		{284453D2-3970-413F-9E48-CF9C0A18C1D2}.Release|x86.ActiveCfg = Release|Win32
		{284453D2-3970-413F-9E48-CF9C0A18C1D2}.Release|x86.Build.0 = Release|Win32
		{047BFB7D-3FFD-4A79-8372-E8A6D9BB4525}.Debug|x64.ActiveCfg = Debug|x64
		{047BFB7D-3FFD-4A79-8372-E8A6D9BB4525}.Debug|x64.Build.0 = Debug|x64
		{047BFB7D-3FFD-4A79-8372-E8A6D9BB4525}.Debug|x86.ActiveCfg = Debug|Win32
		{047BFB7D-3FFD-4A79-8372-E8A6D9BB4525}.Debug|x86.Build.0 = Debug|Win32
		{047BFB7D-3FFD-4A79-8372-E8A6D9BB4525}.Release|x64.ActiveCfg = Release|x64
		{047BFB7D-3FFD-4A79-8372-E8A6D9BB4525}.Release|x64.Build.0 = Release|x64
		{047BFB7D-3FFD-4A79-8372-E8A6D9BB4525}.Release|x86.ActiveCfg = Release|Win32
		{047BFB7D-3FFD-4A79-8372-E8A6D9BB4525}.Release|x86.Build.0 = Release|Win32
		{19F6FDDC-7989-4ABC-BEAC-DBB4A46EC762}.Debug|x64.ActiveCfg = Debug|x64
		{19F6FDDC-7989-4ABC-BEAC-DBB4A46EC762}.Debug|x64.Build.0 = Debug|x64
		{19F6FDDC-7989-4ABC-BEAC-DBB4A46EC762}.Debug|x86.ActiveCfg = Debug|Win32
		{19F6FDDC-7989-4ABC-BEAC-DBB4A46EC762}.Debug|x86.Build.0 = Debug|Win32
		{19F6FDDC-7989-4ABC-BEAC-DBB4A46EC762}.Release|x64.ActiveCfg = Release|x64
		{19F6FDDC-7989-4ABC-BEAC-DBB4A46EC762}.Release|x64.Build.0 = Release|x64
		{19F6FDDC-7989-4ABC-BEAC-DBB4A46EC762}.Release|x86.ActiveCfg = Release|Win32
		{19F6FDDC-7989-4ABC-BEAC-DBB4A46EC762}.Release|x86.Build.0 = Release|Win32
		{0D19BD27-4DA4-4EEC-87E6-D10F248771FF}.Debug|x64.ActiveCfg = Debug|x64
		{0D19BD27-4DA4-4EEC-87E6-D10F248771FF}.Debug|x64.Build.0 = Debug|x64
		{0D19BD27-4DA4-4EEC-87E6-D10F248771FF}.Debug|x86.ActiveCfg = Debug|Win32
		{0D19BD27-4DA4-4EEC-87E6-D10F248771FF}.Debug|x86.Build.0 = Debug|Win32
		{0D19BD27-4DA4-4EEC-87E6-D10F248771FF}.Release|x64.ActiveCfg = Release|x64
		{0D19BD27-4DA4-4EEC-87E6-D10F248771FF}.Release|x64.Build.0 = Release|x64
		{0D19BD27-4DA4-4EEC-87E6-D10F248771FF}.Release|x86.ActiveCfg = Release|Win32
		{0D19BD27-4DA4-4EEC-87E6-D10F248771FF}.Release|x86.Build.0 = Release|Win32
		{EA9650B4-1A9F-46D4-AB5B-0E14F5228B9A}.Debug|x64.ActiveCfg = Debug|x64
		{EA9650B4-1A9F-46D4-AB5B-0E14F5228B9A}.Debug|x64.Build.0 = Debug|x64
		{EA9650B4-1A9F-46D4-AB5B-0E14F5228B9A}.Debug|x86.ActiveCfg = Debug|Win32
		{EA9650B4-1A9F-46D4-AB5B-0E14F5228B9A}.Debug|x86.Build.0 = Debug|Win32
		{EA9650B4-1A9F-46D4-AB5B-0E14F5228B9A}.Release|x64.ActiveCfg = Release|x64
		{EA9650B4-1A9F-46D4-AB5B-0E14F5228B9A}.Release|x64.Build.0 = Release|x64
		{EA9650B4-1A9F-46D4-AB5B-0E14F5228B9A}.Release|x86.ActiveCfg = Release|Win32
		{EA9650B4-1A9F-46D4-AB5B-0E14F5228B9A}.Release|x86.Build.0 = Release|Win32
		{585978BB-742D-4FC5-9E0A-E010A18C34C6}.Debug|x64.ActiveCfg = Debug|x64
		{585978BB-742D-4FC5-9E0A-E010A18C34C6}.Debug|x64.Build.0 = Debug|x64
		{585978BB-742D-4FC5-9E0A-E010A18C34C6}.Debug|x86.ActiveCfg = Debug|Win32
		{585978BB-742D-4FC5-9E0A-E010A18C34C6}.Debug|x86.Build.0 = Debug|Win32
		{585978BB-742D-4FC5-9E0A-E010A18C34C6}.Release|x64.ActiveCfg = Release|x64
		{585978BB-742D-4FC5-9E0A-E010A18C34C6}.Release|x64.Build.0 = Release|x64
		{585978BB-742D-4FC5-9E0A-E010A18C34C6}.Release|x86.ActiveCfg = Release|Win32
		{585978BB-742D-4FC5-9E0A-E010A18C34C6}.Release|x86.Build.0 = Release|Win32
		{659C7459-6722-48BC-914D-A02B14A30626}.Debug|x64.ActiveCfg = Debug|x64
		{659C7459-6722-48BC-914D-A02B14A30626}.Debug|x64.Build.0 = Debug|x64
		{659C7459-6722-48BC-914D-A02B14A30626}.Debug|x86.ActiveCfg = Debug|Win32
		{659C7459-6722-48BC-914D-A02B14A30626}.Debug|x86.Build.0 = Debug|Win32
		{659C7459-6722-48BC-914D-A02B14A30626}.Release|x64.ActiveCfg = Release|x64
		{659C7459-6722-48BC-914D-A02B14A30626}.Release|x64.Build.0 = Release|x64
		{659C7459-6722-48BC-914D-A02B14A30626}.Release|x86.ActiveCfg = Release|Win32
		{659C7459-6722-48BC-914D-A02B14A30626}.Release|x86.Build.0 = Release|Win32
		{07916012-A43F-47CD-9BE0-156DD816AD4D}.Debug|x64.ActiveCfg = Debug|x64
		{07916012-A43F-47CD-9BE0-156DD816AD4D}.Debug|x64.Build.0 = Debug|x64
		{07916012-A43F-47CD-9BE0-156DD816AD4D}.Debug|x86.ActiveCfg = Debug|Win32
		{07916012-A43F-47CD-9BE0-156DD816AD4D}.Debug|x86.Build.0 = Debug|Win32
		{07916012-A43F-47CD-9BE0-156DD816AD4D}.Release|x64.ActiveCfg = Release|x64
		{07916012-A43F-47CD-9BE0-156DD816AD4D}.Release|x64.Build.0 = Release|x64
		{07916012-A43F-47CD-9BE0-156DD816AD4D}.Release|x86.ActiveCfg = Release|Win32
		{07916012-A43F-47CD-9BE0-156DD816AD4D}.Release|x86.Build.0 = Release|Win32
		{253795C0-83B2-4156-B1A3-C1EA7002DFDC}.Debug|x64.ActiveCfg = Debug|x64
		{253795C0-83B2-4156-B1A3-C1EA7002DFDC}.Debug|x64.Build.0 = Debug|x64
		{253795C0-83B2-4156-B1A3-C1EA7002DFDC}.Debug|x86.ActiveCfg = Debug|Win32
		{253795C0-83B2-4156-B1A3-C1EA7002DFDC}.Debug|x86.Build.0 = Debug|Win32
		{253795C0-83B2-4156-B1A3-C1EA7002DFDC}.Release|x64.ActiveCfg = Release|x64
		{253795C0-83B2-4156-B1A3-C1EA7002DFDC}.Release|x64.Build.0 = Release|x64
		{253795C0-83B2-4156-B1A3-C1EA7002DFDC}.Release|x86.ActiveCfg = Release|Win32
		{253795C0-83B2-4156-B1A3-C1EA7002DFDC}.Release|x86.Build.0 = Release|Win32
		{691B4DFE-0B62-46C8-8172-2C4DFD15BC55}.Debug|x64.ActiveCfg = Debug|x64
		{691B4DFE-0B62-46C8-8172-2C4DFD15BC55}.Debug|x64.Build.0 = Debug|x64
		{691B4DFE-0B62-46C8-8172-2C4DFD15BC55}.Debug|x86.ActiveCfg = Debug|Win32
		{691B4DFE-0B62-46C8-8172-2C4DFD15BC55}.Debug|x86.Build.0 = Debug|Win32
		{691B4DFE-0B62-46C8-8172-2C4DFD15BC55}.Release|x64.ActiveCfg = Release|x64
		{691B4DFE-0B62-46C8-8172-2C4DFD15BC55}.Release|x64.Build.0 = Release|x64
		{691B4DFE-0B62-46C8-8172-2C4DFD15BC55}.Release|x86.ActiveCfg = Release|Win32
		{691B4DFE-0B62-46C8-8172-2C4DFD15BC55}.Release|x86.Build.0 = Release|Win32
		{123386A4-850C-4577-BF67-6C6E2CF0EEF7}.Debug|x64.ActiveCfg = Debug|x64
		{123386A4-850C-4577-BF67-6C6E2CF0EEF7}.Debug|x64.Build.0 = Debug|x64
		{123386A4-850C-4577-BF67-6C6E2CF0EEF7}.Debug|x86.ActiveCfg = Debug|Win32
		{123386A4-850C-4577-BF67-6C6E2CF0EEF7}.Debug|x86.Build.0 = Debug|Win32
		{123386A4-850C-4577-BF67-6C6E2CF0EEF7}.Release|x64.ActiveCfg = Release|x64
		{123386A4-850C-4577-BF67-6C6E2CF0EEF7}.Release|x64.Build.0 = Release|x64
		{123386A4-850C-4577-BF67-6C6E2CF0EEF7}.Release|x86.ActiveCfg = Release|Win32
		{123386A4-850C-4577-BF67-6C6E2CF0EEF7}.Release|x86.Build.0 = Release|Win32
		{CC63AF52-82C9-4AE0-AFA2-50B241F033BF}.Debug|x64.ActiveCfg = Debug|x64
		{CC63AF52-82C9-4AE0-AFA2-50B241F033BF}.Debug|x64.Build.0 = Debug|x64
		{CC63AF52-82C9-4AE0-AFA2-50B241F033BF}.Debug|x86.ActiveCfg = Debug|Win32
		{CC63AF52-82C9-4AE0-AFA2-50B241F033BF}.Debug|x86.Build.0 = Debug|Win32
		{CC63AF52-82C9-4AE0-AFA2-50B241F033BF}.Release|x64.ActiveCfg = Release|x64
		{CC63AF52-82C9-4AE0-AFA2-50B241F033BF}.Release|x64.Build.0 = Release|x64
		{CC63AF52-82C9-4AE0-AFA2-50B241F033BF}.Release|x86.ActiveCfg = Release|Win32
		{CC63AF52-82C9-4AE0-AFA2-50B241F033BF}.Release|x86.Build.0 = Release|Win32
		{C81F9813-A680-4F0F-B521-F5C12248B5AA}.Debug|x64.ActiveCfg = Debug|x64
		{C81F9813-A680-4F0F-B521-F5C12248B5AA}.Debug|x64.Build.0 = Debug|x64
		{C81F9813-A680-4F0F-B521-F5C12248B5AA}.Debug|x86.ActiveCfg = Debug|Win32
		{C81F9813-A680-4F0F-B521-F5C12248B5AA}.Debug|x86.Build.0 = Debug|Win32
		{C81F9813-A680-4F0F-B521-F5C12248B5AA}.Release|x64.ActiveCfg = Release|x64
		{C81F9813-A680-4F0F-B521-F5C12248B5AA}.Release|x64.Build.0 = Release|x64
		{C81F9813-A680-4F0F-B521-F5C12248B5AA}.Release|x86.ActiveCfg = Release|Win32
		{C81F9813-A680-4F0F-B521-F5C12248B5AA}.Release|x86.Build.0 = Release|Win32
		{223A730A-3F83-4CE2-8F8C-6A9092992C60}.Debug|x64.ActiveCfg = Debug|x64
		{223A730A-3F83-4CE2-8F8C-6A9092992C60}.Debug|x64.Build.0 = Debug|x64
		{223A730A-3F83-4CE2-8F8C-6A9092992C60}.Debug|x86.ActiveCfg = Debug|Win32
		{223A730A-3F83-4CE2-8F8C-6A9092992C60}.Debug|x86.Build.0 = Debug|Win32
		{223A730A-3F83-4CE2-8F8C-6A9092992C60}.Release|x64.ActiveCfg = Release|x64
		{223A730A-3F83-4CE2-8F8C-6A9092992C60}.Release|x64.Build.0 = Release|x64
		{223A730A-3F83-4CE2-8F8C-6A9092992C60}.Release|x86.ActiveCfg = Release|Win32
		{223A730A-3F83-4CE2-8F8C-6A9092992C60}.Release|x86.Build.0 = Release|Win32
		{623CEC4C-84D8-49C3-9CA0-1BC7651D2BE5}.Debug|x64.ActiveCfg = Debug|x64
		{623CEC4C-84D8-49C3-9CA0-1BC7651D2BE5}.Debug|x64.Build.0 = Debug|x64
		{623CEC4C-84D8-49C3-9CA0-1BC7651D2BE5}.Debug|x86.ActiveCfg = Debug|Win32
		{623CEC4C-84D8-49C3-9CA0-1BC7651D2BE5}.Debug|x86.Build.0 = Debug|Win32
		{623CEC4C-84D8-49C3-9CA0-1BC7651D2BE5}.Release|x64.ActiveCfg = Release|x64
		{623CEC4C-84D8-49C3-9CA0-1BC7651D2BE5}.Release|x64.Build.0 = Release|x64
		{623CEC4C-84D8-49C3-9CA0-1BC7651D2BE5}.Release|x86.ActiveCfg = Release|Win32
		{623CEC4C-84D8-49C3-9CA0-1BC7651D2BE5}.Release|x86.Build.0 = Release|Win32
		{82F4F83B-0C61-48C6-9A60-FD898F2BD3C8}.Debug|x64.ActiveCfg = Debug|x64
		{82F4F83B-0C61-48C6-9A60-FD898F2BD3C8}.Debug|x64.Build.0 = Debug|x64
		{82F4F83B-0C61-48C6-9A60-FD898F2BD3C8}.Debug|x86.ActiveCfg = Debug|Win32
		{82F4F83B-0C61-48C6-9A60-FD898F2BD3C8}.Debug|x86.Build.0 = Debug|Win32
		{82F4F83B-0C61-48C6-9A60-FD898F2BD3C8}.Release|x64.ActiveCfg = Release|x64
		{82F4F83B-0C61-48C6-9A60-FD898F2BD3C8}.Release|x64.Build.0 = Release|x64
		{82F4F83B-0C61-48C6-9A60-FD898F2BD3C8}.Release|x86.ActiveCfg = Release|Win32
		{82F4F83B-0C61-48C6-9A60-FD898F2BD3C8}.Release|x86.Build.0 = Release|Win32
		{364224D8-7A22-40D8-8314-7EFC8584287C}.Debug|x64.ActiveCfg = Debug|x64
		{364224D8-7A22-40D8-8314-7EFC8584287C}.Debug|x64.Build.0 = Debug|x64
		{364224D8-7A22-40D8-8314-7EFC8584287C}.Debug|x86.ActiveCfg = Debug|Win32
		{364224D8-7A22-40D8-8314-7EFC8584287C}.Debug|x86.Build.0 = Debug|Win32
		{364224D8-7A22-40D8-8314-7EFC8584287C}.Release|x64.ActiveCfg = Release|x64
		{364224D8-7A22-40D8-8314-7EFC8584287C}.Release|x64.Build.0 = Release|x64
		{364224D8-7A22-40D8-8314-7EFC8584287C}.Release|x86.ActiveCfg = Release|Win32
		{364224D8-7A22-40D8-8314-7EFC8584287C}.Release|x86.Build.0 = Release|Win32
		{91984EBA-8C67-4F75-9BBA-12CC7AB7A2F7}.Debug|x64.ActiveCfg = Debug|x64
		{91984EBA-8C67-4F75-9BBA-12CC7AB7A2F7}.Debug|x64.Build.0 = Debug|x64
		{91984EBA-8C67-4F75-9BBA-12CC7AB7A2F7}.Debug|x86.ActiveCfg = Debug|Win32
		{91984EBA-8C67-4F75-9BBA-12CC7AB7A2F7}.Debug|x86.Build.0 = Debug|Win32
		{91984EBA-8C67-4F75-9BBA-12CC7AB7A2F7}.Release|x64.ActiveCfg = Release|x64
		{91984EBA-8C67-4F75-9BBA-12CC7AB7A2F7}.Release|x64.Build.0 = Release|x64
		{91984EBA-8C67-4F75-9BBA-12CC7AB7A2F7}.Release|x86.ActiveCfg = Release|Win32
		{91984EBA-8C67-4F75-9BBA-12CC7AB7A2F7}.Release|x86.Build.0 = Release|Win32
		{95AFAECA-B414-4768-B173-E650F537A0AC}.Debug|x64.ActiveCfg = Debug|x64
		{95AFAECA-B414-4768-B173-E650F537A0AC}.Debug|x64.Build.0 = Debug|x64
		{95AFAECA-B414-4768-B173-E650F537A0AC}.Debug|x86.ActiveCfg = Debug|Win32
		{95AFAECA-B414-4768-B173-E650F537A0AC}.Debug|x86.Build.0 = Debug|Win32
		{95AFAECA-B414-4768-B173-E650F537A0AC}.Release|x64.ActiveCfg = Release|x64
		{95AFAECA-B414-4768-B173-E650F537A0AC}.Release|x64.Build.0 = Release|x64
		{95AFAECA-B414-4768-B173-E650F537A0AC}.Release|x86.ActiveCfg = Release|Win32
		{95AFAECA-B414-4768-B173-E650F537A0AC}.Release|x86.Build.0 = Release|Win32
		{9095FABA-1F86-4272-8879-F3C3B8C48090}.Debug|x64.ActiveCfg = Debug|x64
		{9095FABA-1F86-4272-8879-F3C3B8C48090}.Debug|x64.Build.0 = Debug|x64
		{9095FABA-1F86-4272-8879-F3C3B8C48090}.Debug|x86.ActiveCfg = Debug|Win32
		{9095FABA-1F86-4272-8879-F3C3B8C48090}.Debug|x86.Build.0 = Debug|Win32
		{9095FABA-1F86-4272-8879-F3C3B8C48090}.Release|x64.ActiveCfg = Release|x64
		{9095FABA-1F86-4272-8879-F3C3B8C48090}.Release|x64.Build.0 = Release|x64
		{9095FABA-1F86-4272-8879-F3C3B8C48090}.Release|x86.ActiveCfg = Release|Win32
		{9095FABA-1F86-4272-8879-F3C3B8C48090}.Release|x86.Build.0 = Release|Win32
		{3B084551-C2B4-4E0E-A835-E0E2DD10ECB3}.Debug|x64.ActiveCfg = Debug|x64
		{3B084551-C2B4-4E0E-A835-E0E2DD10ECB3}.Debug|x64.Build.0 = Debug|x64
		{3B084551-C2B4-4E0E-A835-E0E2DD10ECB3}.Debug|x86.ActiveCfg = Debug|Win32
		{3B084551-C2B4-4E0E-A835-E0E2DD10ECB3}.Debug|x86.Build.0 = Debug|Win32
		{3B084551-C2B4-4E0E-A835-E0E2DD10ECB3}.Release|x64.ActiveCfg = Release|x64
		{3B084551-C2B4-4E0E-A835-E0E2DD10ECB3}.Release|x64.Build.0 = Release|x64
		{3B084551-C2B4-4E0E-A835-E0E2DD10ECB3}.Release|x86.ActiveCfg = Release|Win32
		{3B084551-C2B4-4E0E-A835-E0E2DD10ECB3}.Release|x86.Build.0 = Release|Win32
		{663D1022-231D-4F24-9273-BE878B65427B}.Debug|x64.ActiveCfg = Debug|x64
		{663D1022-231D-4F24-9273-BE878B65427B}.Debug|x64.Build.0 = Debug|x64
		{663D1022-231D-4F24-9273-BE878B65427B}.Debug|x86.ActiveCfg = Debug|Win32
		{663D1022-231D-4F24-9273-BE878B65427B}.Debug|x86.Build.0 = Debug|Win32
		{663D1022-231D-4F24-9273-BE878B65427B}.Release|x64.ActiveCfg = Release|x64
		{663D1022-231D-4F24-9273-BE878B65427B}.Release|x64.Build.0 = Release|x64
		{663D1022-231D-4F24-9273-BE878B65427B}.Release|x86.ActiveCfg = Release|Win32
		{663D1022-231D-4F24-9273-BE878B65427B}.Release|x86.Build.0 = Release|Win32
		{19EEF96F-940E-413B-B78E-BD3601D69368}.Debug|x64.ActiveCfg = Debug|x64
		{19EEF96F-940E-413B-B78E-BD3601D69368}.Debug|x64.Build.0 = Debug|x64
		{19EEF96F-940E-413B-B78E-BD3601D69368}.Debug|x86.ActiveCfg = Debug|Win32
		{19EEF96F-940E-413B-B78E-BD3601D69368}.Debug|x86.Build.0 = Debug|Win32
		{19EEF96F-940E-413B-B78E-BD3601D69368}.Release|x64.ActiveCfg = Release|x64
		{19EEF96F-940E-413B-B78E-BD3601D69368}.Release|x64.Build.0 = Release|x64
		{19EEF96F-940E-413B-B78E-BD3601D69368}.Release|x86.ActiveCfg = Release|Win32
		{19EEF96F-940E-413B-B78E-BD3601D69368}.Release|x86.Build.0 = Release|Win32
		{1A9D644E-CE62-4519-B126-859429C51705}.Debug|x64.ActiveCfg = Debug|x64
		{1A9D644E-CE62-4519-B126-859429C51705}.Debug|x64.Build.0 = Debug|x64
		{1A9D644E-CE62-4519-B126-859429C51705}.Debug|x86.ActiveCfg = Debug|Win32
		{1A9D644E-CE62-4519-B126-859429C51705}.Debug|x86.Build.0 = Debug|Win32
		{1A9D644E-CE62-4519-B126-859429C51705}.Release|x64.ActiveCfg = Release|x64
		{1A9D644E-CE62-4519-B126-859429C51705}.Release|x64.Build.0 = Release|x64
		{1A9D644E-CE62-4519-B126-859429C51705}.Release|x86.ActiveCfg = Release|Win32
		{1A9D644E-CE62-4519-B126-859429C51705}.Release|x86.Build.0 = Release|Win32
		{D6370072-4448-4CED-8E7D-4A027BBB8234}.Debug|x64.ActiveCfg = Debug|x64
		{D6370072-4448-4CED-8E7D-4A027BBB8234}.Debug|x64.Build.0 = Debug|x64
		{D6370072-4448-4CED-8E7D-4A027BBB8234}.Debug|x86.ActiveCfg = Debug|Win32
		{D6370072-4448-4CED-8E7D-4A027BBB8234}.Debug|x86.Build.0 = Debug|Win32
		{D6370072-4448-4CED-8E7D-4A027BBB8234}.Release|x64.ActiveCfg = Release|x64
		{D6370072-4448-4CED-8E7D-4A027BBB8234}.Release|x64.Build.0 = Release|x64
		{D6370072-4448-4CED-8E7D-4A027BBB8234}.Release|x86.ActiveCfg = Release|Win32
		{D6370072-4448-4CED-8E7D-4A027BBB8234}.Release|x86.Build.0 = Release|Win32
		{9479369B-270B-479D-AC83-ECF7381CB2B2}.Debug|x64.ActiveCfg = Debug|x64
		{9479369B-270B-479D-AC83-ECF7381CB2B2}.Debug|x64.Build.0 = Debug|x64
		{9479369B-270B-479D-AC83-ECF7381CB2B2}.Debug|x86.ActiveCfg = Debug|Win32
		{9479369B-270B-479D-AC83-ECF7381CB2B2}.Debug|x86.Build.0 = Debug|Win32
		{9479369B-270B-479D-AC83-ECF7381CB2B2}.Release|x64.ActiveCfg = Release|x64
		{9479369B-270B-479D-AC83-ECF7381CB2B2}.Release|x64.Build.0 = Release|x64
		{9479369B-270B-479D-AC83-ECF7381CB2B2}.Release|x86.ActiveCfg = Release|Win32
		{9479369B-270B-479D-AC83-ECF7381CB2B2}.Release|x86.Build.0 = Release|Win32
		{4ACE7F78-A2D9-4888-A3A3-84D4EDC9D912}.Debug|x64.ActiveCfg = Debug|x64
		{4ACE7F78-A2D9-4888-A3A3-84D4EDC9D912}.Debug|x64.Build.0 = Debug|x64
		{4ACE7F78-A2D9-4888-A3A3-84D4EDC9D912}.Debug|x86.ActiveCfg = Debug|Win32
		{4ACE7F78-A2D9-4888-A3A3-84D4EDC9D912}.Debug|x86.Build.0 = Debug|Win32
		{4ACE7F78-A2D9-4888-A3A3-84D4EDC9D912}.Release|x64.ActiveCfg = Release|x64
		{4ACE7F78-A2D9-4888-A3A3-84D4EDC9D912}.Release|x64.Build.0 = Release|x64
		{4ACE7F78-A2D9-4888-A3A3-84D4EDC9D912}.Release|x86.ActiveCfg = Release|Win32
		{4ACE7F78-A2D9-4888-A3A3-84D4EDC9D912}.Release|x86.Build.0 = Release|Win32
		{0D67CDBB-B6BF-4CA3-A3C3-ADAD7D56918F}.Debug|x64.ActiveCfg = Debug|x64
		{0D67CDBB-B6BF-4CA3-A3C3-ADAD7D56918F}.Debug|x64.Build.0 = Debug|x64
		{0D67CDBB-B6BF-4CA3-A3C3-ADAD7D56918F}.Debug|x86.ActiveCfg = Debug|Win32
		{0D67CDBB-B6BF-4CA3-A3C3-ADAD7D56918F}.Debug|x86.Build.0 = Debug|Win32
		{0D67CDBB-B6BF-4CA3-A3C3-ADAD7D56918F}.Release|x64.ActiveCfg = Release|x64
		{0D67CDBB-B6BF-4CA3-A3C3-ADAD7D56918F}.Release|x64.Build.0 = Release|x64
		{0D67CDBB-B6BF-4CA3-A3C3-ADAD7D56918F}.Release|x86.ActiveCfg = Release|Win32
		{0D67CDBB-B6BF-4CA3-A3C3-ADAD7D56918F}.Release|x86.Build.0 = Release|Win32
	EndGlobalSection
	GlobalSection(SolutionProperties) = preSolution
		HideSolutionNode = FALSE
	EndGlobalSection
	GlobalSection(NestedProjects) = preSolution
		{6D61DCB9-8EBF-463A-B0F1-FE35A20A9958} = {DCA2F8FB-0A36-45B1-AD92-2CB2EDA07D46}
		{2A8D2C6E-6D4B-463C-9492-1103B14E178B} = {DCA2F8FB-0A36-45B1-AD92-2CB2EDA07D46}
		{988257FB-11D0-47ED-B078-224C5F775665} = {DCA2F8FB-0A36-45B1-AD92-2CB2EDA07D46}
		{C6C65607-5FDF-45FF-B631-9B333C4B3E69} = {DCA2F8FB-0A36-45B1-AD92-2CB2EDA07D46}
		{9FEB8A7C-253B-45C8-952C-63D28542F2A4} = {DCA2F8FB-0A36-45B1-AD92-2CB2EDA07D46}
		{B285F9CD-3501-4AA5-AF58-56FFBCB706AE} = {D45FE2B9-6BDD-4556-8620-32AAFA6E8A72}
		{5DE81BEC-6E36-49C4-B7E8-F1DBE3BD9739} = {D45FE2B9-6BDD-4556-8620-32AAFA6E8A72}
		{09EE3C2D-E67D-483D-B048-87895214B693} = {D50032AE-DF06-4907-B13F-B754D91BC613}
		{64365562-5B4B-449C-86C1-D92C7B9030B7} = {D50032AE-DF06-4907-B13F-B754D91BC613}
		{3ED35171-3023-4313-B69C-6CBBBC19A3D9} = {DCA2F8FB-0A36-45B1-AD92-2CB2EDA07D46}
		{07598955-CF37-46D2-8E49-FF458AB1548C} = {D50032AE-DF06-4907-B13F-B754D91BC613}
		{3C5B0BA3-19B0-4EB9-934D-1CADFF74B62A} = {D50032AE-DF06-4907-B13F-B754D91BC613}
		{7429AC2A-2E29-4D3D-953C-7D8ECCB7C69F} = {6116AEF3-0384-496A-BA77-3C139F618377}
		{927D4283-605C-4B32-84A3-7DC9FFDC7C7A} = {6116AEF3-0384-496A-BA77-3C139F618377}
		{0BE30201-6139-42F9-A57B-9B323C87BA15} = {6116AEF3-0384-496A-BA77-3C139F618377}
		{8A29E655-D8A4-4139-BBE4-DFE9C4FEFBF9} = {6116AEF3-0384-496A-BA77-3C139F618377}
		{7FF1B4A6-E501-4867-B8BB-AA99DA98E93F} = {6116AEF3-0384-496A-BA77-3C139F618377}
		{96585325-B9ED-483E-8DC0-060FB3A5E58C} = {D50032AE-DF06-4907-B13F-B754D91BC613}
		{C568C97D-60FA-4094-8D39-DF207F7CD3B4} = {6116AEF3-0384-496A-BA77-3C139F618377}
		{ACA8880A-CF52-4033-98D9-08F631E4A757} = {6116AEF3-0384-496A-BA77-3C139F618377}
		{0D02695B-993D-4F15-AFE3-324327452C46} = {5970CB50-A164-44ED-AD9F-EE7497C0C993}
		{0E328E2B-9CD5-43E6-A5C9-29BA62212B81} = {5970CB50-A164-44ED-AD9F-EE7497C0C993}
		{5C33135C-7ED9-4FF0-90A4-62D948225EFE} = {5970CB50-A164-44ED-AD9F-EE7497C0C993}
		{611B6104-3F2D-4F07-9ACF-359E9EC4E298} = {5970CB50-A164-44ED-AD9F-EE7497C0C993}
		{07081E29-D9BC-419D-A8D2-3DB873A2743C} = {5970CB50-A164-44ED-AD9F-EE7497C0C993}
		{337A05D3-D039-423C-B29B-A2981DF29036} = {6116AEF3-0384-496A-BA77-3C139F618377}
		{E2C2DD0F-21E8-40DF-9034-37A37CAF65C8} = {0118EDC9-85C9-4C47-93DB-7189EE47C9B2}
		{535055CD-355B-43A8-A790-27072C9244DE} = {0118EDC9-85C9-4C47-93DB-7189EE47C9B2}
		{BBFA144E-19DD-40C3-8281-A0F1D8D31B5F} = {0118EDC9-85C9-4C47-93DB-7189EE47C9B2}
		{795E1FB4-81E6-48A3-8394-C2BF64B93C26} = {0118EDC9-85C9-4C47-93DB-7189EE47C9B2}
		{E4BB53D8-B417-40E2-997F-ED69867EC491} = {0118EDC9-85C9-4C47-93DB-7189EE47C9B2}
		{8E168727-4E83-4236-B0C9-A905412B1283} = {18E125B0-8B9F-4022-8197-60EEFEF6A851}
		{3E1FEF94-B4D6-4A1D-AB91-E1D09FE88FF2} = {18E125B0-8B9F-4022-8197-60EEFEF6A851}
		{A19A71FB-CB31-4C2C-AE30-7DD9CDB2AAFF} = {18E125B0-8B9F-4022-8197-60EEFEF6A851}
		{CEF43E9B-9588-48B1-9D52-4519AC756D39} = {5970CB50-A164-44ED-AD9F-EE7497C0C993}
		{ACCA51E0-62AE-4143-B257-9B3E94AAC805} = {18E125B0-8B9F-4022-8197-60EEFEF6A851}
		{36F8B954-C25B-4134-B44B-C19395FE289E} = {18E125B0-8B9F-4022-8197-60EEFEF6A851}
		{2A9E388D-CD61-40D8-AD51-DEACCA6A5F1F} = {BC0D8E92-CCC7-4DC6-93EA-D202363E381F}
		{981CBB30-4B0D-4765-A05C-B61565107CD8} = {BC0D8E92-CCC7-4DC6-93EA-D202363E381F}
		{FE2C18A7-2103-4F0D-B85C-2FAB8CB415E9} = {BC0D8E92-CCC7-4DC6-93EA-D202363E381F}
		{F16ECFCF-BEAC-4BC7-B0B9-315EA42234A9} = {18E125B0-8B9F-4022-8197-60EEFEF6A851}
		{DFB9585B-5CF4-4BD8-89C1-C66CE4C98A9C} = {BC0D8E92-CCC7-4DC6-93EA-D202363E381F}
		{29C6D3F4-CB2F-4870-9D9E-81A0A02D7E73} = {BC0D8E92-CCC7-4DC6-93EA-D202363E381F}
		{8B8B9873-2606-41A3-B047-959C2AAA0FF5} = {7BCE7E00-59C4-4C7E-B0CB-E7C5F72860C7}
		{F6D34803-9A88-43B5-9953-A9F537FFAE6B} = {7BCE7E00-59C4-4C7E-B0CB-E7C5F72860C7}
		{875C2910-FAC1-4250-A2BF-E98D7536C5E8} = {7BCE7E00-59C4-4C7E-B0CB-E7C5F72860C7}
		{D5D5DE06-99CD-4AE1-B75D-F55F46E85B68} = {7BCE7E00-59C4-4C7E-B0CB-E7C5F72860C7}
		{6810B119-B6C1-43B3-90F2-9A97DD572D4F} = {39C26CB6-64E0-4DE0-A4A6-96878AC61283}
		{26CF9E17-D204-40F3-AC43-A4039CBAF529} = {39C26CB6-64E0-4DE0-A4A6-96878AC61283}
		{C5B81C34-0782-46F4-8FFE-1E57EA18844B} = {39C26CB6-64E0-4DE0-A4A6-96878AC61283}
		{D13257C3-2E1A-4BFB-BFC7-41CAB26E66BC} = {39C26CB6-64E0-4DE0-A4A6-96878AC61283}
		{5CF469EE-8FF8-4CE3-947F-05B80A8BF75D} = {9B28C4D7-2C3A-4C28-85B9-CCD2A1C47208}
		{22303D17-FA8B-4518-BAE9-BC4117D8798A} = {9B28C4D7-2C3A-4C28-85B9-CCD2A1C47208}
		{76B935B1-6CA4-48A1-B331-D1AA3DD85452} = {9B28C4D7-2C3A-4C28-85B9-CCD2A1C47208}
		{81F691F3-F376-48A6-8B35-BC5C631BE7F9} = {39C26CB6-64E0-4DE0-A4A6-96878AC61283}
		{F57728F7-301A-446C-B913-633A59A2FA06} = {9B28C4D7-2C3A-4C28-85B9-CCD2A1C47208}
		{284453D2-3970-413F-9E48-CF9C0A18C1D2} = {9B28C4D7-2C3A-4C28-85B9-CCD2A1C47208}
		{047BFB7D-3FFD-4A79-8372-E8A6D9BB4525} = {9B28C4D7-2C3A-4C28-85B9-CCD2A1C47208}
		{19F6FDDC-7989-4ABC-BEAC-DBB4A46EC762} = {B53CCFE8-DE7F-4257-B769-FD772A5BE67F}
		{0D19BD27-4DA4-4EEC-87E6-D10F248771FF} = {B53CCFE8-DE7F-4257-B769-FD772A5BE67F}
		{EA9650B4-1A9F-46D4-AB5B-0E14F5228B9A} = {B53CCFE8-DE7F-4257-B769-FD772A5BE67F}
		{585978BB-742D-4FC5-9E0A-E010A18C34C6} = {B53CCFE8-DE7F-4257-B769-FD772A5BE67F}
		{659C7459-6722-48BC-914D-A02B14A30626} = {7AAED697-1502-4B1C-8B36-DBAA59A4DEF2}
		{07916012-A43F-47CD-9BE0-156DD816AD4D} = {7AAED697-1502-4B1C-8B36-DBAA59A4DEF2}
		{253795C0-83B2-4156-B1A3-C1EA7002DFDC} = {7AAED697-1502-4B1C-8B36-DBAA59A4DEF2}
		{691B4DFE-0B62-46C8-8172-2C4DFD15BC55} = {AA0A2333-2524-4B45-A2C6-826FA76403AA}
		{123386A4-850C-4577-BF67-6C6E2CF0EEF7} = {AA0A2333-2524-4B45-A2C6-826FA76403AA}
		{CC63AF52-82C9-4AE0-AFA2-50B241F033BF} = {AA0A2333-2524-4B45-A2C6-826FA76403AA}
		{C81F9813-A680-4F0F-B521-F5C12248B5AA} = {AA0A2333-2524-4B45-A2C6-826FA76403AA}
		{223A730A-3F83-4CE2-8F8C-6A9092992C60} = {AA0A2333-2524-4B45-A2C6-826FA76403AA}
		{623CEC4C-84D8-49C3-9CA0-1BC7651D2BE5} = {AA0A2333-2524-4B45-A2C6-826FA76403AA}
		{82F4F83B-0C61-48C6-9A60-FD898F2BD3C8} = {AA0A2333-2524-4B45-A2C6-826FA76403AA}
		{364224D8-7A22-40D8-8314-7EFC8584287C} = {AA0A2333-2524-4B45-A2C6-826FA76403AA}
		{91984EBA-8C67-4F75-9BBA-12CC7AB7A2F7} = {AA0A2333-2524-4B45-A2C6-826FA76403AA}
		{95AFAECA-B414-4768-B173-E650F537A0AC} = {AA0A2333-2524-4B45-A2C6-826FA76403AA}
		{9095FABA-1F86-4272-8879-F3C3B8C48090} = {AA0A2333-2524-4B45-A2C6-826FA76403AA}
		{3B084551-C2B4-4E0E-A835-E0E2DD10ECB3} = {AA0A2333-2524-4B45-A2C6-826FA76403AA}
		{663D1022-231D-4F24-9273-BE878B65427B} = {AA0A2333-2524-4B45-A2C6-826FA76403AA}
		{19EEF96F-940E-413B-B78E-BD3601D69368} = {AA0A2333-2524-4B45-A2C6-826FA76403AA}
		{1A9D644E-CE62-4519-B126-859429C51705} = {AA0A2333-2524-4B45-A2C6-826FA76403AA}
		{D6370072-4448-4CED-8E7D-4A027BBB8234} = {AA0A2333-2524-4B45-A2C6-826FA76403AA}
		{9479369B-270B-479D-AC83-ECF7381CB2B2} = {AA0A2333-2524-4B45-A2C6-826FA76403AA}
		{4ACE7F78-A2D9-4888-A3A3-84D4EDC9D912} = {AA0A2333-2524-4B45-A2C6-826FA76403AA}
		{0D67CDBB-B6BF-4CA3-A3C3-ADAD7D56918F} = {AA0A2333-2524-4B45-A2C6-826FA76403AA}
	EndGlobalSection
	GlobalSection(ExtensibilityGlobals) = postSolution
		SolutionGuid = {8D988D71-AAD5-4617-8D57-F0034EB0523E}
	EndGlobalSection
EndGlobal
